PODS:
  - AFNetworking (4.0.0):
    - AFNetworking/NSURLSession (= 4.0.0)
    - AFNetworking/Reachability (= 4.0.0)
    - AFNetworking/Security (= 4.0.0)
    - AFNetworking/Serialization (= 4.0.0)
    - AFNetworking/UIKit (= 4.0.0)
  - AFNetworking/NSURLSession (4.0.0):
    - AFNetworking/Reachability
    - AFNetworking/Security
    - AFNetworking/Serialization
  - AFNetworking/Reachability (4.0.0)
  - AFNetworking/Security (4.0.0)
  - AFNetworking/Serialization (4.0.0)
  - AFNetworking/UIKit (4.0.0):
    - AFNetworking/NSURLSession
  - FMDB (2.7.5):
    - FMDB/standard (= 2.7.5)
  - FMDB/standard (2.7.5)
  - GliKit (0.0.1):
    - AFNetworking
    - FMDB
    - Masonry
    - SDWebImage
  - libwebp (1.1.0):
    - libwebp/demux (= 1.1.0)
    - libwebp/mux (= 1.1.0)
    - libwebp/webp (= 1.1.0)
  - libwebp/demux (1.1.0):
    - libwebp/webp
  - libwebp/mux (1.1.0):
    - libwebp/demux
  - libwebp/webp (1.1.0)
  - Masonry (1.1.0)
  - SDWebImage (5.7.2):
    - SDWebImage/Core (= 5.7.2)
  - SDWebImage/Core (5.7.2)
  - SDWebImageWebPCoder (0.6.1):
    - libwebp (~> 1.0)
    - SDWebImage/Core (~> 5.7)

DEPENDENCIES:
  - GliKit (from `../GliKit`)
  - SDWebImageWebPCoder

SPEC REPOS:
  trunk:
    - AFNetworking
    - FMDB
    - libwebp
    - Masonry
    - SDWebImage
    - SDWebImageWebPCoder

EXTERNAL SOURCES:
  GliKit:
    :path: "../GliKit"

SPEC CHECKSUMS:
  AFNetworking: d9fdf484a3c723ec3c558a41cc5754c7e845ee77
  FMDB: 2ce00b547f966261cd18927a3ddb07cb6f3db82a
  GliKit: ca1a88d2b81ed92c78313de6589410df32ddb175
  libwebp: 946cb3063cea9236285f7e9a8505d806d30e07f3
  Masonry: 678fab65091a9290e40e2832a55e7ab731aad201
  SDWebImage: d9ea4959d99c52276dfada481987018fcaea3d58
  SDWebImageWebPCoder: d0dac55073088d24b2ac1b191a71a8f8d0adac21

PODFILE CHECKSUM: 36381b8c60173f68aa40e6654bd9a1f21ac9e1b2

COCOAPODS: 1.9.1
