// !$*UTF8*$!
{
	archiveVersion = 1;
	classes = {
	};
	objectVersion = 50;
	objects = {

/* Begin PBXBuildFile section */
		4D8C0CB26CEC1B5EE4E9961B /* libPods-GliReacNativeKit.a in Frameworks */ = {isa = PBXBuildFile; fileRef = F8FA05A2FDCF3B015BBDD07B /* libPods-GliReacNativeKit.a */; };
		CEAC862D23AA036600A0B949 /* GKReactNativeDefaultLoader.m in Sources */ = {isa = PBXBuildFile; fileRef = CEAC862C23AA036600A0B949 /* GKReactNativeDefaultLoader.m */; };
		CEAC863023AA0E7200A0B949 /* GKReactNativeNestedScrollHelper.m in Sources */ = {isa = PBXBuildFile; fileRef = CEAC862F23AA0E7200A0B949 /* GKReactNativeNestedScrollHelper.m */; };
		CEAC863423AA0FF800A0B949 /* RCTSinglelineTextInputView+GKReactNativeExtension.m in Sources */ = {isa = PBXBuildFile; fileRef = CEAC863323AA0FF800A0B949 /* RCTSinglelineTextInputView+GKReactNativeExtension.m */; };
		CEC00A7723A9B8340015C59A /* GKReactNativeVersionModel.m in Sources */ = {isa = PBXBuildFile; fileRef = CEC00A7623A9B8340015C59A /* GKReactNativeVersionModel.m */; };
		CECE566F23A8E41D007A96C4 /* GKReactNativeViewController.m in Sources */ = {isa = PBXBuildFile; fileRef = CECE566E23A8E41D007A96C4 /* GKReactNativeViewController.m */; };
		CECE567223A8E54D007A96C4 /* GKReactNativeBridgePool.m in Sources */ = {isa = PBXBuildFile; fileRef = CECE567123A8E54D007A96C4 /* GKReactNativeBridgePool.m */; };
/* End PBXBuildFile section */

/* Begin PBXCopyFilesBuildPhase section */
		CECE565D23A8E0E4007A96C4 /* CopyFiles */ = {
			isa = PBXCopyFilesBuildPhase;
			buildActionMask = 2147483647;
			dstPath = "include/$(PRODUCT_NAME)";
			dstSubfolderSpec = 16;
			files = (
			);
			runOnlyForDeploymentPostprocessing = 0;
		};
/* End PBXCopyFilesBuildPhase section */

/* Begin PBXFileReference section */
		0674F007DAF26DCCCAE78C3A /* Pods-GliReacNativeKit.release.xcconfig */ = {isa = PBXFileReference; includeInIndex = 1; lastKnownFileType = text.xcconfig; name = "Pods-GliReacNativeKit.release.xcconfig"; path = "Target Support Files/Pods-GliReacNativeKit/Pods-GliReacNativeKit.release.xcconfig"; sourceTree = "<group>"; };
		A249E73BA16EC30C0C20048E /* Pods-GliReacNativeKit.debug.xcconfig */ = {isa = PBXFileReference; includeInIndex = 1; lastKnownFileType = text.xcconfig; name = "Pods-GliReacNativeKit.debug.xcconfig"; path = "Target Support Files/Pods-GliReacNativeKit/Pods-GliReacNativeKit.debug.xcconfig"; sourceTree = "<group>"; };
		CEAC862B23AA036600A0B949 /* GKReactNativeDefaultLoader.h */ = {isa = PBXFileReference; lastKnownFileType = sourcecode.c.h; path = GKReactNativeDefaultLoader.h; sourceTree = "<group>"; };
		CEAC862C23AA036600A0B949 /* GKReactNativeDefaultLoader.m */ = {isa = PBXFileReference; lastKnownFileType = sourcecode.c.objc; path = GKReactNativeDefaultLoader.m; sourceTree = "<group>"; };
		CEAC862E23AA0E7200A0B949 /* GKReactNativeNestedScrollHelper.h */ = {isa = PBXFileReference; lastKnownFileType = sourcecode.c.h; path = GKReactNativeNestedScrollHelper.h; sourceTree = "<group>"; };
		CEAC862F23AA0E7200A0B949 /* GKReactNativeNestedScrollHelper.m */ = {isa = PBXFileReference; lastKnownFileType = sourcecode.c.objc; path = GKReactNativeNestedScrollHelper.m; sourceTree = "<group>"; };
		CEAC863223AA0FF800A0B949 /* RCTSinglelineTextInputView+GKReactNativeExtension.h */ = {isa = PBXFileReference; lastKnownFileType = sourcecode.c.h; path = "RCTSinglelineTextInputView+GKReactNativeExtension.h"; sourceTree = "<group>"; };
		CEAC863323AA0FF800A0B949 /* RCTSinglelineTextInputView+GKReactNativeExtension.m */ = {isa = PBXFileReference; lastKnownFileType = sourcecode.c.objc; path = "RCTSinglelineTextInputView+GKReactNativeExtension.m"; sourceTree = "<group>"; };
		CEC00A7523A9B8340015C59A /* GKReactNativeVersionModel.h */ = {isa = PBXFileReference; lastKnownFileType = sourcecode.c.h; path = GKReactNativeVersionModel.h; sourceTree = "<group>"; };
		CEC00A7623A9B8340015C59A /* GKReactNativeVersionModel.m */ = {isa = PBXFileReference; lastKnownFileType = sourcecode.c.objc; path = GKReactNativeVersionModel.m; sourceTree = "<group>"; };
		CECE565F23A8E0E4007A96C4 /* libGliReacNativeKit.a */ = {isa = PBXFileReference; explicitFileType = archive.ar; includeInIndex = 0; path = libGliReacNativeKit.a; sourceTree = BUILT_PRODUCTS_DIR; };
		CECE566D23A8E41D007A96C4 /* GKReactNativeViewController.h */ = {isa = PBXFileReference; lastKnownFileType = sourcecode.c.h; path = GKReactNativeViewController.h; sourceTree = "<group>"; };
		CECE566E23A8E41D007A96C4 /* GKReactNativeViewController.m */ = {isa = PBXFileReference; lastKnownFileType = sourcecode.c.objc; path = GKReactNativeViewController.m; sourceTree = "<group>"; };
		CECE567023A8E54D007A96C4 /* GKReactNativeBridgePool.h */ = {isa = PBXFileReference; lastKnownFileType = sourcecode.c.h; path = GKReactNativeBridgePool.h; sourceTree = "<group>"; };
		CECE567123A8E54D007A96C4 /* GKReactNativeBridgePool.m */ = {isa = PBXFileReference; lastKnownFileType = sourcecode.c.objc; path = GKReactNativeBridgePool.m; sourceTree = "<group>"; };
		CECE567323A8E5B1007A96C4 /* GKReactNativeLoader.h */ = {isa = PBXFileReference; lastKnownFileType = sourcecode.c.h; path = GKReactNativeLoader.h; sourceTree = "<group>"; };
		F8FA05A2FDCF3B015BBDD07B /* libPods-GliReacNativeKit.a */ = {isa = PBXFileReference; explicitFileType = archive.ar; includeInIndex = 0; path = "libPods-GliReacNativeKit.a"; sourceTree = BUILT_PRODUCTS_DIR; };
/* End PBXFileReference section */

/* Begin PBXFrameworksBuildPhase section */
		CECE565C23A8E0E4007A96C4 /* Frameworks */ = {
			isa = PBXFrameworksBuildPhase;
			buildActionMask = 2147483647;
			files = (
				4D8C0CB26CEC1B5EE4E9961B /* libPods-GliReacNativeKit.a in Frameworks */,
			);
			runOnlyForDeploymentPostprocessing = 0;
		};
/* End PBXFrameworksBuildPhase section */

/* Begin PBXGroup section */
		5E5FF610B163382B12307E98 /* Pods */ = {
			isa = PBXGroup;
			children = (
				A249E73BA16EC30C0C20048E /* Pods-GliReacNativeKit.debug.xcconfig */,
				0674F007DAF26DCCCAE78C3A /* Pods-GliReacNativeKit.release.xcconfig */,
			);
			path = Pods;
			sourceTree = "<group>";
		};
		C67A7E20F48005F4C7C7BD92 /* Frameworks */ = {
			isa = PBXGroup;
			children = (
				F8FA05A2FDCF3B015BBDD07B /* libPods-GliReacNativeKit.a */,
			);
			name = Frameworks;
			sourceTree = "<group>";
		};
		CEAC863123AA0FD500A0B949 /* Category */ = {
			isa = PBXGroup;
			children = (
				CEAC863223AA0FF800A0B949 /* RCTSinglelineTextInputView+GKReactNativeExtension.h */,
				CEAC863323AA0FF800A0B949 /* RCTSinglelineTextInputView+GKReactNativeExtension.m */,
			);
			path = Category;
			sourceTree = "<group>";
		};
		CEC00A7423A9B81C0015C59A /* Model */ = {
			isa = PBXGroup;
			children = (
				CEC00A7523A9B8340015C59A /* GKReactNativeVersionModel.h */,
				CEC00A7623A9B8340015C59A /* GKReactNativeVersionModel.m */,
			);
			path = Model;
			sourceTree = "<group>";
		};
		CECE565623A8E0E4007A96C4 = {
			isa = PBXGroup;
			children = (
				CECE566123A8E0E4007A96C4 /* GliReacNativeKit */,
				CECE566023A8E0E4007A96C4 /* Products */,
				5E5FF610B163382B12307E98 /* Pods */,
				C67A7E20F48005F4C7C7BD92 /* Frameworks */,
			);
			sourceTree = "<group>";
		};
		CECE566023A8E0E4007A96C4 /* Products */ = {
			isa = PBXGroup;
			children = (
				CECE565F23A8E0E4007A96C4 /* libGliReacNativeKit.a */,
			);
			name = Products;
			sourceTree = "<group>";
		};
		CECE566123A8E0E4007A96C4 /* GliReacNativeKit */ = {
			isa = PBXGroup;
			children = (
				CEAC863123AA0FD500A0B949 /* Category */,
				CEC00A7423A9B81C0015C59A /* Model */,
				CECE566B23A8E3C4007A96C4 /* Controller */,
				CECE566C23A8E3C4007A96C4 /* Utils */,
			);
			path = GliReacNativeKit;
			sourceTree = "<group>";
		};
		CECE566B23A8E3C4007A96C4 /* Controller */ = {
			isa = PBXGroup;
			children = (
				CECE566D23A8E41D007A96C4 /* GKReactNativeViewController.h */,
				CECE566E23A8E41D007A96C4 /* GKReactNativeViewController.m */,
			);
			path = Controller;
			sourceTree = "<group>";
		};
		CECE566C23A8E3C4007A96C4 /* Utils */ = {
			isa = PBXGroup;
			children = (
				CECE567023A8E54D007A96C4 /* GKReactNativeBridgePool.h */,
				CECE567123A8E54D007A96C4 /* GKReactNativeBridgePool.m */,
				CECE567323A8E5B1007A96C4 /* GKReactNativeLoader.h */,
				CEAC862B23AA036600A0B949 /* GKReactNativeDefaultLoader.h */,
				CEAC862C23AA036600A0B949 /* GKReactNativeDefaultLoader.m */,
				CEAC862E23AA0E7200A0B949 /* GKReactNativeNestedScrollHelper.h */,
				CEAC862F23AA0E7200A0B949 /* GKReactNativeNestedScrollHelper.m */,
			);
			path = Utils;
			sourceTree = "<group>";
		};
/* End PBXGroup section */

/* Begin PBXNativeTarget section */
		CECE565E23A8E0E4007A96C4 /* GliReacNativeKit */ = {
			isa = PBXNativeTarget;
			buildConfigurationList = CECE566823A8E0E4007A96C4 /* Build configuration list for PBXNativeTarget "GliReacNativeKit" */;
			buildPhases = (
				18306A1DD84E42EC52601C8A /* [CP] Check Pods Manifest.lock */,
				CECE565B23A8E0E4007A96C4 /* Sources */,
				CECE565C23A8E0E4007A96C4 /* Frameworks */,
				CECE565D23A8E0E4007A96C4 /* CopyFiles */,
			);
			buildRules = (
			);
			dependencies = (
			);
			name = GliReacNativeKit;
			productName = GliReacNativeKit;
			productReference = CECE565F23A8E0E4007A96C4 /* libGliReacNativeKit.a */;
			productType = "com.apple.product-type.library.static";
		};
/* End PBXNativeTarget section */

/* Begin PBXProject section */
		CECE565723A8E0E4007A96C4 /* Project object */ = {
			isa = PBXProject;
			attributes = {
				CLASSPREFIX = GK;
				LastUpgradeCheck = 1110;
				ORGANIZATIONNAME = luohaixiong;
				TargetAttributes = {
					CECE565E23A8E0E4007A96C4 = {
						CreatedOnToolsVersion = 11.1;
					};
				};
			};
			buildConfigurationList = CECE565A23A8E0E4007A96C4 /* Build configuration list for PBXProject "GliReacNativeKit" */;
			compatibilityVersion = "Xcode 9.3";
			developmentRegion = en;
			hasScannedForEncodings = 0;
			knownRegions = (
				en,
				Base,
			);
			mainGroup = CECE565623A8E0E4007A96C4;
			productRefGroup = CECE566023A8E0E4007A96C4 /* Products */;
			projectDirPath = "";
			projectRoot = "";
			targets = (
				CECE565E23A8E0E4007A96C4 /* GliReacNativeKit */,
			);
		};
/* End PBXProject section */

/* Begin PBXShellScriptBuildPhase section */
		18306A1DD84E42EC52601C8A /* [CP] Check Pods Manifest.lock */ = {
			isa = PBXShellScriptBuildPhase;
			buildActionMask = 2147483647;
			files = (
			);
			inputFileListPaths = (
			);
			inputPaths = (
				"${PODS_PODFILE_DIR_PATH}/Podfile.lock",
				"${PODS_ROOT}/Manifest.lock",
			);
			name = "[CP] Check Pods Manifest.lock";
			outputFileListPaths = (
			);
			outputPaths = (
				"$(DERIVED_FILE_DIR)/Pods-GliReacNativeKit-checkManifestLockResult.txt",
			);
			runOnlyForDeploymentPostprocessing = 0;
			shellPath = /bin/sh;
			shellScript = "diff \"${PODS_PODFILE_DIR_PATH}/Podfile.lock\" \"${PODS_ROOT}/Manifest.lock\" > /dev/null\nif [ $? != 0 ] ; then\n    # print error to STDERR\n    echo \"error: The sandbox is not in sync with the Podfile.lock. Run 'pod install' or update your CocoaPods installation.\" >&2\n    exit 1\nfi\n# This output is used by Xcode 'outputs' to avoid re-running this script phase.\necho \"SUCCESS\" > \"${SCRIPT_OUTPUT_FILE_0}\"\n";
			showEnvVarsInLog = 0;
		};
/* End PBXShellScriptBuildPhase section */

/* Begin PBXSourcesBuildPhase section */
		CECE565B23A8E0E4007A96C4 /* Sources */ = {
			isa = PBXSourcesBuildPhase;
			buildActionMask = 2147483647;
			files = (
				CEAC863023AA0E7200A0B949 /* GKReactNativeNestedScrollHelper.m in Sources */,
				CEAC862D23AA036600A0B949 /* GKReactNativeDefaultLoader.m in Sources */,
				CEC00A7723A9B8340015C59A /* GKReactNativeVersionModel.m in Sources */,
				CECE566F23A8E41D007A96C4 /* GKReactNativeViewController.m in Sources */,
				CECE567223A8E54D007A96C4 /* GKReactNativeBridgePool.m in Sources */,
				CEAC863423AA0FF800A0B949 /* RCTSinglelineTextInputView+GKReactNativeExtension.m in Sources */,
			);
			runOnlyForDeploymentPostprocessing = 0;
		};
/* End PBXSourcesBuildPhase section */

/* Begin XCBuildConfiguration section */
		CECE566623A8E0E4007A96C4 /* Debug */ = {
			isa = XCBuildConfiguration;
			buildSettings = {
				ALWAYS_SEARCH_USER_PATHS = NO;
				CLANG_ANALYZER_NONNULL = YES;
				CLANG_ANALYZER_NUMBER_OBJECT_CONVERSION = YES_AGGRESSIVE;
				CLANG_CXX_LANGUAGE_STANDARD = "gnu++14";
				CLANG_CXX_LIBRARY = "libc++";
				CLANG_ENABLE_MODULES = YES;
				CLANG_ENABLE_OBJC_ARC = YES;
				CLANG_ENABLE_OBJC_WEAK = YES;
				CLANG_WARN_BLOCK_CAPTURE_AUTORELEASING = YES;
				CLANG_WARN_BOOL_CONVERSION = YES;
				CLANG_WARN_COMMA = YES;
				CLANG_WARN_CONSTANT_CONVERSION = YES;
				CLANG_WARN_DEPRECATED_OBJC_IMPLEMENTATIONS = YES;
				CLANG_WARN_DIRECT_OBJC_ISA_USAGE = YES_ERROR;
				CLANG_WARN_DOCUMENTATION_COMMENTS = YES;
				CLANG_WARN_EMPTY_BODY = YES;
				CLANG_WARN_ENUM_CONVERSION = YES;
				CLANG_WARN_INFINITE_RECURSION = YES;
				CLANG_WARN_INT_CONVERSION = YES;
				CLANG_WARN_NON_LITERAL_NULL_CONVERSION = YES;
				CLANG_WARN_OBJC_IMPLICIT_RETAIN_SELF = YES;
				CLANG_WARN_OBJC_LITERAL_CONVERSION = YES;
				CLANG_WARN_OBJC_ROOT_CLASS = YES_ERROR;
				CLANG_WARN_RANGE_LOOP_ANALYSIS = YES;
				CLANG_WARN_STRICT_PROTOTYPES = YES;
				CLANG_WARN_SUSPICIOUS_MOVE = YES;
				CLANG_WARN_UNGUARDED_AVAILABILITY = YES_AGGRESSIVE;
				CLANG_WARN_UNREACHABLE_CODE = YES;
				CLANG_WARN__DUPLICATE_METHOD_MATCH = YES;
				COPY_PHASE_STRIP = NO;
				DEBUG_INFORMATION_FORMAT = dwarf;
				ENABLE_STRICT_OBJC_MSGSEND = YES;
				ENABLE_TESTABILITY = YES;
				GCC_C_LANGUAGE_STANDARD = gnu11;
				GCC_DYNAMIC_NO_PIC = NO;
				GCC_NO_COMMON_BLOCKS = YES;
				GCC_OPTIMIZATION_LEVEL = 0;
				GCC_PREPROCESSOR_DEFINITIONS = (
					"DEBUG=1",
					"$(inherited)",
				);
				GCC_WARN_64_TO_32_BIT_CONVERSION = YES;
				GCC_WARN_ABOUT_RETURN_TYPE = YES_ERROR;
				GCC_WARN_UNDECLARED_SELECTOR = YES;
				GCC_WARN_UNINITIALIZED_AUTOS = YES_AGGRESSIVE;
				GCC_WARN_UNUSED_FUNCTION = YES;
				GCC_WARN_UNUSED_VARIABLE = YES;
				IPHONEOS_DEPLOYMENT_TARGET = 13.1;
				MTL_ENABLE_DEBUG_INFO = INCLUDE_SOURCE;
				MTL_FAST_MATH = YES;
				ONLY_ACTIVE_ARCH = YES;
				SDKROOT = iphoneos;
			};
			name = Debug;
		};
		CECE566723A8E0E4007A96C4 /* Release */ = {
			isa = XCBuildConfiguration;
			buildSettings = {
				ALWAYS_SEARCH_USER_PATHS = NO;
				CLANG_ANALYZER_NONNULL = YES;
				CLANG_ANALYZER_NUMBER_OBJECT_CONVERSION = YES_AGGRESSIVE;
				CLANG_CXX_LANGUAGE_STANDARD = "gnu++14";
				CLANG_CXX_LIBRARY = "libc++";
				CLANG_ENABLE_MODULES = YES;
				CLANG_ENABLE_OBJC_ARC = YES;
				CLANG_ENABLE_OBJC_WEAK = YES;
				CLANG_WARN_BLOCK_CAPTURE_AUTORELEASING = YES;
				CLANG_WARN_BOOL_CONVERSION = YES;
				CLANG_WARN_COMMA = YES;
				CLANG_WARN_CONSTANT_CONVERSION = YES;
				CLANG_WARN_DEPRECATED_OBJC_IMPLEMENTATIONS = YES;
				CLANG_WARN_DIRECT_OBJC_ISA_USAGE = YES_ERROR;
				CLANG_WARN_DOCUMENTATION_COMMENTS = YES;
				CLANG_WARN_EMPTY_BODY = YES;
				CLANG_WARN_ENUM_CONVERSION = YES;
				CLANG_WARN_INFINITE_RECURSION = YES;
				CLANG_WARN_INT_CONVERSION = YES;
				CLANG_WARN_NON_LITERAL_NULL_CONVERSION = YES;
				CLANG_WARN_OBJC_IMPLICIT_RETAIN_SELF = YES;
				CLANG_WARN_OBJC_LITERAL_CONVERSION = YES;
				CLANG_WARN_OBJC_ROOT_CLASS = YES_ERROR;
				CLANG_WARN_RANGE_LOOP_ANALYSIS = YES;
				CLANG_WARN_STRICT_PROTOTYPES = YES;
				CLANG_WARN_SUSPICIOUS_MOVE = YES;
				CLANG_WARN_UNGUARDED_AVAILABILITY = YES_AGGRESSIVE;
				CLANG_WARN_UNREACHABLE_CODE = YES;
				CLANG_WARN__DUPLICATE_METHOD_MATCH = YES;
				COPY_PHASE_STRIP = NO;
				DEBUG_INFORMATION_FORMAT = "dwarf-with-dsym";
				ENABLE_NS_ASSERTIONS = NO;
				ENABLE_STRICT_OBJC_MSGSEND = YES;
				GCC_C_LANGUAGE_STANDARD = gnu11;
				GCC_NO_COMMON_BLOCKS = YES;
				GCC_WARN_64_TO_32_BIT_CONVERSION = YES;
				GCC_WARN_ABOUT_RETURN_TYPE = YES_ERROR;
				GCC_WARN_UNDECLARED_SELECTOR = YES;
				GCC_WARN_UNINITIALIZED_AUTOS = YES_AGGRESSIVE;
				GCC_WARN_UNUSED_FUNCTION = YES;
				GCC_WARN_UNUSED_VARIABLE = YES;
				IPHONEOS_DEPLOYMENT_TARGET = 13.1;
				MTL_ENABLE_DEBUG_INFO = NO;
				MTL_FAST_MATH = YES;
				SDKROOT = iphoneos;
				VALIDATE_PRODUCT = YES;
			};
			name = Release;
		};
		CECE566923A8E0E4007A96C4 /* Debug */ = {
			isa = XCBuildConfiguration;
			baseConfigurationReference = A249E73BA16EC30C0C20048E /* Pods-GliReacNativeKit.debug.xcconfig */;
			buildSettings = {
				CODE_SIGN_STYLE = Automatic;
				OTHER_LDFLAGS = (
					"$(inherited)",
					"-ObjC",
				);
				PRODUCT_NAME = "$(TARGET_NAME)";
				SKIP_INSTALL = YES;
				TARGETED_DEVICE_FAMILY = "1,2";
			};
			name = Debug;
		};
		CECE566A23A8E0E4007A96C4 /* Release */ = {
			isa = XCBuildConfiguration;
			baseConfigurationReference = 0674F007DAF26DCCCAE78C3A /* Pods-GliReacNativeKit.release.xcconfig */;
			buildSettings = {
				CODE_SIGN_STYLE = Automatic;
				OTHER_LDFLAGS = (
					"$(inherited)",
					"-ObjC",
				);
				PRODUCT_NAME = "$(TARGET_NAME)";
				SKIP_INSTALL = YES;
				TARGETED_DEVICE_FAMILY = "1,2";
			};
			name = Release;
		};
/* End XCBuildConfiguration section */

/* Begin XCConfigurationList section */
		CECE565A23A8E0E4007A96C4 /* Build configuration list for PBXProject "GliReacNativeKit" */ = {
			isa = XCConfigurationList;
			buildConfigurations = (
				CECE566623A8E0E4007A96C4 /* Debug */,
				CECE566723A8E0E4007A96C4 /* Release */,
			);
			defaultConfigurationIsVisible = 0;
			defaultConfigurationName = Release;
		};
		CECE566823A8E0E4007A96C4 /* Build configuration list for PBXNativeTarget "GliReacNativeKit" */ = {
			isa = XCConfigurationList;
			buildConfigurations = (
				CECE566923A8E0E4007A96C4 /* Debug */,
				CECE566A23A8E0E4007A96C4 /* Release */,
			);
			defaultConfigurationIsVisible = 0;
			defaultConfigurationName = Release;
		};
/* End XCConfigurationList section */
	};
	rootObject = CECE565723A8E0E4007A96C4 /* Project object */;
}
