// !$*UTF8*$!
{
	archiveVersion = 1;
	classes = {
	};
	objectVersion = 53;
	objects = {

/* Begin PBXBuildFile section */
		117E998329EE33AF009C563A /* GliKitDemoTests.m in Sources */ = {isa = PBXBuildFile; fileRef = 117E998229EE33AF009C563A /* GliKitDemoTests.m */; };
		11A9CD902A17731300810723 /* GKDStretchBackgroundViewController.m in Sources */ = {isa = PBXBuildFile; fileRef = 11A9CD8F2A17731300810723 /* GKDStretchBackgroundViewController.m */; };
		1E85CB6F0BDD993E961570A1 /* libPods-GliKitDemo.a in Frameworks */ = {isa = PBXBuildFile; fileRef = EBF366D86309791F17B91FF0 /* libPods-GliKitDemo.a */; };
		CE0C4C3D27BE583400BF7E19 /* Radio.swift in Sources */ = {isa = PBXBuildFile; fileRef = CE0C4C3C27BE583400BF7E19 /* Radio.swift */; };
		CE0D6B9225F716A500F3459E /* GKDLoadMonitor.m in Sources */ = {isa = PBXBuildFile; fileRef = CE0D6B9125F716A500F3459E /* GKDLoadMonitor.m */; };
		CE134D5F24F363BE00F34CB4 /* GKDBannerViewController.m in Sources */ = {isa = PBXBuildFile; fileRef = CE134D5E24F363BE00F34CB4 /* GKDBannerViewController.m */; };
		CE1641DC274397BA0064B2CE /* CoreAudio.framework in Frameworks */ = {isa = PBXBuildFile; fileRef = CE1641DB274397BA0064B2CE /* CoreAudio.framework */; };
		CE1AFE26272A3E2B0029B42D /* NotoSansMyanmar.ttc in Resources */ = {isa = PBXBuildFile; fileRef = CE1AFE25272A3E2B0029B42D /* NotoSansMyanmar.ttc */; };
		CE1F8B272988EF0F00AB1455 /* zoo.MOV in Resources */ = {isa = PBXBuildFile; fileRef = CE1F8B262988EF0F00AB1455 /* zoo.MOV */; };
		CE2C55212727E3B30047DA92 /* Oxygen-Bold.ttf in Resources */ = {isa = PBXBuildFile; fileRef = CE2C55202727E3B30047DA92 /* Oxygen-Bold.ttf */; };
		CE37C67B233B49AF00C4F196 /* GKDNormalEmptyViewController.m in Sources */ = {isa = PBXBuildFile; fileRef = CE37C67A233B49AF00C4F196 /* GKDNormalEmptyViewController.m */; };
		CE37C67E233B49C000C4F196 /* GKDTableEmptyViewController.m in Sources */ = {isa = PBXBuildFile; fileRef = CE37C67D233B49C000C4F196 /* GKDTableEmptyViewController.m */; };
		CE37C681233B49D500C4F196 /* GKDCollectionEmptyViewController.m in Sources */ = {isa = PBXBuildFile; fileRef = CE37C680233B49D500C4F196 /* GKDCollectionEmptyViewController.m */; };
		CE37C684233B4A2700C4F196 /* GKDEmptyViewController.m in Sources */ = {isa = PBXBuildFile; fileRef = CE37C683233B4A2700C4F196 /* GKDEmptyViewController.m */; };
		CE37C687233B4AAA00C4F196 /* GKDRowModel.m in Sources */ = {isa = PBXBuildFile; fileRef = CE37C686233B4AAA00C4F196 /* GKDRowModel.m */; };
		CE3884F627FD4D830013F1D4 /* Pyidaungsu-Bold.ttf in Resources */ = {isa = PBXBuildFile; fileRef = CE3884F427FD4D830013F1D4 /* Pyidaungsu-Bold.ttf */; };
		CE3884F727FD4D830013F1D4 /* Pyidaungsu-Regular.ttf in Resources */ = {isa = PBXBuildFile; fileRef = CE3884F527FD4D830013F1D4 /* Pyidaungsu-Regular.ttf */; };
		CE48AB1A25F081AC00B4F012 /* RootListCell.swift in Sources */ = {isa = PBXBuildFile; fileRef = CE48AB1925F081AC00B4F012 /* RootListCell.swift */; };
		CE48AB1E25F08BA700B4F012 /* CheckBox.swift in Sources */ = {isa = PBXBuildFile; fileRef = CE48AB1D25F08BA700B4F012 /* CheckBox.swift */; };
		CE549B4B2481027900534D91 /* GKDTabBarController.m in Sources */ = {isa = PBXBuildFile; fileRef = CE549B4A2481027900534D91 /* GKDTabBarController.m */; };
		CE8CC363246BC9E600EE6414 /* 512x384.webp in Resources */ = {isa = PBXBuildFile; fileRef = CE8CC362246BC9E600EE6414 /* 512x384.webp */; };
		CE97636323B59F27001A5DD3 /* test.html in Resources */ = {isa = PBXBuildFile; fileRef = CE97636223B59F27001A5DD3 /* test.html */; };
		CEAA8B3627FE78F400AC0147 /* MyanmarSangamMN.ttc in Resources */ = {isa = PBXBuildFile; fileRef = CEAA8B3527FE78F400AC0147 /* MyanmarSangamMN.ttc */; };
		CEAA8B3827FE7C7100AC0147 /* MyanmarMN.ttc in Resources */ = {isa = PBXBuildFile; fileRef = CEAA8B3727FE7C7100AC0147 /* MyanmarMN.ttc */; };
		CEAB0530236FB17600D2A4CF /* GKDWebViewController.m in Sources */ = {isa = PBXBuildFile; fileRef = CEAB052F236FB17600D2A4CF /* GKDWebViewController.m */; };
		CEB37EB2249B42EF00C15460 /* star_white.png in Resources */ = {isa = PBXBuildFile; fileRef = CEB37EAB249B42EF00C15460 /* star_white.png */; };
		CEB37EB3249B42EF00C15460 /* confeti3.png in Resources */ = {isa = PBXBuildFile; fileRef = CEB37EAC249B42EF00C15460 /* confeti3.png */; };
		CEB37EB4249B42EF00C15460 /* confeti2.png in Resources */ = {isa = PBXBuildFile; fileRef = CEB37EAD249B42EF00C15460 /* confeti2.png */; };
		CEB37EB5249B42EF00C15460 /* dust.png in Resources */ = {isa = PBXBuildFile; fileRef = CEB37EAE249B42EF00C15460 /* dust.png */; };
		CEB37EB6249B42EF00C15460 /* star_pink.png in Resources */ = {isa = PBXBuildFile; fileRef = CEB37EAF249B42EF00C15460 /* star_pink.png */; };
		CEB37EB7249B42EF00C15460 /* ic_launcher.png in Resources */ = {isa = PBXBuildFile; fileRef = CEB37EB0249B42EF00C15460 /* ic_launcher.png */; };
		CEB37EB8249B42EF00C15460 /* star.png in Resources */ = {isa = PBXBuildFile; fileRef = CEB37EB1249B42EF00C15460 /* star.png */; };
		CEB37EBA249B698A00C15460 /* meat.jpg in Resources */ = {isa = PBXBuildFile; fileRef = CEB37EB9249B698A00C15460 /* meat.jpg */; };
		CEB37EBD249B6A8D00C15460 /* meat_1.jpg in Resources */ = {isa = PBXBuildFile; fileRef = CEB37EBB249B6A8D00C15460 /* meat_1.jpg */; };
		CEB37EBE249B6A8D00C15460 /* meat_2.jpg in Resources */ = {isa = PBXBuildFile; fileRef = CEB37EBC249B6A8D00C15460 /* meat_2.jpg */; };
		CEB85F4E232630210045CB38 /* GKDNestedParentViewController.m in Sources */ = {isa = PBXBuildFile; fileRef = CEB85F4D232630210045CB38 /* GKDNestedParentViewController.m */; };
		CEB85F52232630560045CB38 /* GKDNestedTableViewCell.m in Sources */ = {isa = PBXBuildFile; fileRef = CEB85F50232630560045CB38 /* GKDNestedTableViewCell.m */; };
		CEB85F53232630560045CB38 /* GKDNestedTableViewCell.xib in Resources */ = {isa = PBXBuildFile; fileRef = CEB85F51232630560045CB38 /* GKDNestedTableViewCell.xib */; };
		CEB85F56232630DA0045CB38 /* GKDNestedPageViewController.m in Sources */ = {isa = PBXBuildFile; fileRef = CEB85F55232630DA0045CB38 /* GKDNestedPageViewController.m */; };
		CEB85F59232630FA0045CB38 /* GKDChildPageViewController.m in Sources */ = {isa = PBXBuildFile; fileRef = CEB85F58232630FA0045CB38 /* GKDChildPageViewController.m */; };
		CEBBC8042499BE2400F334CC /* GKDEmitterView.m in Sources */ = {isa = PBXBuildFile; fileRef = CEBBC8032499BE2400F334CC /* GKDEmitterView.m */; };
		CEBBC8072499BE4300F334CC /* GKDEmitterCell.m in Sources */ = {isa = PBXBuildFile; fileRef = CEBBC8062499BE4300F334CC /* GKDEmitterCell.m */; };
		CEC1732F233DE50A00A1ADA8 /* GKDProgressViewController.m in Sources */ = {isa = PBXBuildFile; fileRef = CEC1732E233DE50A00A1ADA8 /* GKDProgressViewController.m */; };
		CEC2D976239F8C0900F14210 /* GKDAlertViewController.m in Sources */ = {isa = PBXBuildFile; fileRef = CEC2D974239F8C0900F14210 /* GKDAlertViewController.m */; };
		CEC2D977239F8C0900F14210 /* GKDAlertViewController.xib in Resources */ = {isa = PBXBuildFile; fileRef = CEC2D975239F8C0900F14210 /* GKDAlertViewController.xib */; };
		CEC3C842231E5612003ADE7A /* GKDSkeletonViewController.m in Sources */ = {isa = PBXBuildFile; fileRef = CEC3C841231E5612003ADE7A /* GKDSkeletonViewController.m */; };
		CEC3C846231E5971003ADE7A /* GKDNormalSkeletonViewController.m in Sources */ = {isa = PBXBuildFile; fileRef = CEC3C844231E5971003ADE7A /* GKDNormalSkeletonViewController.m */; };
		CEC3C847231E5971003ADE7A /* GKDNormalSkeletonViewController.xib in Resources */ = {isa = PBXBuildFile; fileRef = CEC3C845231E5971003ADE7A /* GKDNormalSkeletonViewController.xib */; };
		CEC3C84A231E5990003ADE7A /* GKDTableViewSkeletonViewController.m in Sources */ = {isa = PBXBuildFile; fileRef = CEC3C849231E5990003ADE7A /* GKDTableViewSkeletonViewController.m */; };
		CEC3C84D231E59AE003ADE7A /* GKDCollectionViewSkeletonViewController.m in Sources */ = {isa = PBXBuildFile; fileRef = CEC3C84C231E59AE003ADE7A /* GKDCollectionViewSkeletonViewController.m */; };
		CEC3C851231E59CD003ADE7A /* GKDTableViewSkeletonCell.m in Sources */ = {isa = PBXBuildFile; fileRef = CEC3C84F231E59CD003ADE7A /* GKDTableViewSkeletonCell.m */; };
		CEC3C852231E59CD003ADE7A /* GKDTableViewSkeletonCell.xib in Resources */ = {isa = PBXBuildFile; fileRef = CEC3C850231E59CD003ADE7A /* GKDTableViewSkeletonCell.xib */; };
		CEC3C855231E5AB9003ADE7A /* GKDTableViewSkeletonHeader.m in Sources */ = {isa = PBXBuildFile; fileRef = CEC3C854231E5AB9003ADE7A /* GKDTableViewSkeletonHeader.m */; };
		CEC3C858231E5AEE003ADE7A /* GKDCollectionViewSkeletonCell.m in Sources */ = {isa = PBXBuildFile; fileRef = CEC3C857231E5AEE003ADE7A /* GKDCollectionViewSkeletonCell.m */; };
		CEC3C85C231E5B15003ADE7A /* GKDCollectionViewSkeletonHeader.m in Sources */ = {isa = PBXBuildFile; fileRef = CEC3C85A231E5B15003ADE7A /* GKDCollectionViewSkeletonHeader.m */; };
		CEC3C85D231E5B15003ADE7A /* GKDCollectionViewSkeletonHeader.xib in Resources */ = {isa = PBXBuildFile; fileRef = CEC3C85B231E5B15003ADE7A /* GKDCollectionViewSkeletonHeader.xib */; };
		CEC6AF44245671E0006B22BB /* GKDialogViewController.m in Sources */ = {isa = PBXBuildFile; fileRef = CEC6AF43245671E0006B22BB /* GKDialogViewController.m */; };
		CED1B1412320FAC1009C4D6C /* GKDTransitionViewController.m in Sources */ = {isa = PBXBuildFile; fileRef = CED1B13F2320FAC1009C4D6C /* GKDTransitionViewController.m */; };
		CED1B1422320FAC1009C4D6C /* GKDTransitionViewController.xib in Resources */ = {isa = PBXBuildFile; fileRef = CED1B1402320FAC1009C4D6C /* GKDTransitionViewController.xib */; };
		CEDD8BAB28DC3F0B005FC383 /* GKDDynamicViewController.m in Sources */ = {isa = PBXBuildFile; fileRef = CEDD8BAA28DC3F0B005FC383 /* GKDDynamicViewController.m */; };
		CEDD8BAE28DC3FE4005FC383 /* GKDDynamicBannerCell.m in Sources */ = {isa = PBXBuildFile; fileRef = CEDD8BAD28DC3FE4005FC383 /* GKDDynamicBannerCell.m */; };
		CEDD8BB128DC3FFB005FC383 /* GKDDynamicCell.m in Sources */ = {isa = PBXBuildFile; fileRef = CEDD8BB028DC3FFB005FC383 /* GKDDynamicCell.m */; };
		CEDEC98B24B6A669001B623D /* icon_filled_brand_head_dark.svg in Resources */ = {isa = PBXBuildFile; fileRef = CEDEC98A24B6A669001B623D /* icon_filled_brand_head_dark.svg */; };
		CEE8C894231911E900E7CA75 /* AppDelegate.m in Sources */ = {isa = PBXBuildFile; fileRef = CEE8C893231911E900E7CA75 /* AppDelegate.m */; };
		CEE8C89C231911EB00E7CA75 /* Assets.xcassets in Resources */ = {isa = PBXBuildFile; fileRef = CEE8C89B231911EB00E7CA75 /* Assets.xcassets */; };
		CEE8C89F231911EB00E7CA75 /* LaunchScreen.storyboard in Resources */ = {isa = PBXBuildFile; fileRef = CEE8C89D231911EB00E7CA75 /* LaunchScreen.storyboard */; };
		CEE8C8A2231911EB00E7CA75 /* main.m in Sources */ = {isa = PBXBuildFile; fileRef = CEE8C8A1231911EB00E7CA75 /* main.m */; };
		CEE8C8AD231915DB00E7CA75 /* GKDRootViewController.m in Sources */ = {isa = PBXBuildFile; fileRef = CEE8C8AC231915DB00E7CA75 /* GKDRootViewController.m */; };
		CEE8C8B1231917AB00E7CA75 /* GKDPhotosViewController.m in Sources */ = {isa = PBXBuildFile; fileRef = CEE8C8AF231917AB00E7CA75 /* GKDPhotosViewController.m */; };
		CEE8C8B723191CE400E7CA75 /* GKDPhotosCollectionViewCell.m in Sources */ = {isa = PBXBuildFile; fileRef = CEE8C8B623191CE400E7CA75 /* GKDPhotosCollectionViewCell.m */; };
/* End PBXBuildFile section */

/* Begin PBXContainerItemProxy section */
		117E998429EE33AF009C563A /* PBXContainerItemProxy */ = {
			isa = PBXContainerItemProxy;
			containerPortal = CEE8C887231911E900E7CA75 /* Project object */;
			proxyType = 1;
			remoteGlobalIDString = CEE8C88E231911E900E7CA75;
			remoteInfo = GliKitDemo;
		};
/* End PBXContainerItemProxy section */

/* Begin PBXFileReference section */
		117E998029EE33AF009C563A /* GliKitDemoTests.xctest */ = {isa = PBXFileReference; explicitFileType = wrapper.cfbundle; includeInIndex = 0; path = GliKitDemoTests.xctest; sourceTree = BUILT_PRODUCTS_DIR; };
		117E998229EE33AF009C563A /* GliKitDemoTests.m */ = {isa = PBXFileReference; lastKnownFileType = sourcecode.c.objc; path = GliKitDemoTests.m; sourceTree = "<group>"; };
		11A9CD8E2A17731300810723 /* GKDStretchBackgroundViewController.h */ = {isa = PBXFileReference; lastKnownFileType = sourcecode.c.h; path = GKDStretchBackgroundViewController.h; sourceTree = "<group>"; };
		11A9CD8F2A17731300810723 /* GKDStretchBackgroundViewController.m */ = {isa = PBXFileReference; lastKnownFileType = sourcecode.c.objc; path = GKDStretchBackgroundViewController.m; sourceTree = "<group>"; };
		4FD52519E97361498535A3AF /* libPods-GliKitApp.a */ = {isa = PBXFileReference; explicitFileType = archive.ar; includeInIndex = 0; path = "libPods-GliKitApp.a"; sourceTree = BUILT_PRODUCTS_DIR; };
		85141611C461B48B8263ABC7 /* Pods-GliKitApp.release.xcconfig */ = {isa = PBXFileReference; includeInIndex = 1; lastKnownFileType = text.xcconfig; name = "Pods-GliKitApp.release.xcconfig"; path = "Target Support Files/Pods-GliKitApp/Pods-GliKitApp.release.xcconfig"; sourceTree = "<group>"; };
		B183DC3A9632FD62AABE12BD /* Pods-GliKitApp.debug.xcconfig */ = {isa = PBXFileReference; includeInIndex = 1; lastKnownFileType = text.xcconfig; name = "Pods-GliKitApp.debug.xcconfig"; path = "Target Support Files/Pods-GliKitApp/Pods-GliKitApp.debug.xcconfig"; sourceTree = "<group>"; };
		C2F6786776DB100AB02C78D3 /* Pods-GliKitDemo.release.xcconfig */ = {isa = PBXFileReference; includeInIndex = 1; lastKnownFileType = text.xcconfig; name = "Pods-GliKitDemo.release.xcconfig"; path = "Target Support Files/Pods-GliKitDemo/Pods-GliKitDemo.release.xcconfig"; sourceTree = "<group>"; };
		CE0C4C3C27BE583400BF7E19 /* Radio.swift */ = {isa = PBXFileReference; lastKnownFileType = sourcecode.swift; path = Radio.swift; sourceTree = "<group>"; };
		CE0D6B9025F716A500F3459E /* GKDLoadMonitor.h */ = {isa = PBXFileReference; lastKnownFileType = sourcecode.c.h; path = GKDLoadMonitor.h; sourceTree = "<group>"; };
		CE0D6B9125F716A500F3459E /* GKDLoadMonitor.m */ = {isa = PBXFileReference; lastKnownFileType = sourcecode.c.objc; path = GKDLoadMonitor.m; sourceTree = "<group>"; };
		CE134D5D24F363BE00F34CB4 /* GKDBannerViewController.h */ = {isa = PBXFileReference; lastKnownFileType = sourcecode.c.h; path = GKDBannerViewController.h; sourceTree = "<group>"; };
		CE134D5E24F363BE00F34CB4 /* GKDBannerViewController.m */ = {isa = PBXFileReference; lastKnownFileType = sourcecode.c.objc; path = GKDBannerViewController.m; sourceTree = "<group>"; };
		CE1641DB274397BA0064B2CE /* CoreAudio.framework */ = {isa = PBXFileReference; lastKnownFileType = wrapper.framework; name = CoreAudio.framework; path = System/Library/Frameworks/CoreAudio.framework; sourceTree = SDKROOT; };
		CE1AFE25272A3E2B0029B42D /* NotoSansMyanmar.ttc */ = {isa = PBXFileReference; lastKnownFileType = file; path = NotoSansMyanmar.ttc; sourceTree = "<group>"; };
		CE1F8B262988EF0F00AB1455 /* zoo.MOV */ = {isa = PBXFileReference; lastKnownFileType = video.quicktime; path = zoo.MOV; sourceTree = "<group>"; };
		CE2C55202727E3B30047DA92 /* Oxygen-Bold.ttf */ = {isa = PBXFileReference; lastKnownFileType = file; path = "Oxygen-Bold.ttf"; sourceTree = "<group>"; };
		CE37C679233B49AF00C4F196 /* GKDNormalEmptyViewController.h */ = {isa = PBXFileReference; lastKnownFileType = sourcecode.c.h; path = GKDNormalEmptyViewController.h; sourceTree = "<group>"; };
		CE37C67A233B49AF00C4F196 /* GKDNormalEmptyViewController.m */ = {isa = PBXFileReference; lastKnownFileType = sourcecode.c.objc; path = GKDNormalEmptyViewController.m; sourceTree = "<group>"; };
		CE37C67C233B49C000C4F196 /* GKDTableEmptyViewController.h */ = {isa = PBXFileReference; lastKnownFileType = sourcecode.c.h; path = GKDTableEmptyViewController.h; sourceTree = "<group>"; };
		CE37C67D233B49C000C4F196 /* GKDTableEmptyViewController.m */ = {isa = PBXFileReference; lastKnownFileType = sourcecode.c.objc; path = GKDTableEmptyViewController.m; sourceTree = "<group>"; };
		CE37C67F233B49D500C4F196 /* GKDCollectionEmptyViewController.h */ = {isa = PBXFileReference; lastKnownFileType = sourcecode.c.h; path = GKDCollectionEmptyViewController.h; sourceTree = "<group>"; };
		CE37C680233B49D500C4F196 /* GKDCollectionEmptyViewController.m */ = {isa = PBXFileReference; lastKnownFileType = sourcecode.c.objc; path = GKDCollectionEmptyViewController.m; sourceTree = "<group>"; };
		CE37C682233B4A2700C4F196 /* GKDEmptyViewController.h */ = {isa = PBXFileReference; lastKnownFileType = sourcecode.c.h; path = GKDEmptyViewController.h; sourceTree = "<group>"; };
		CE37C683233B4A2700C4F196 /* GKDEmptyViewController.m */ = {isa = PBXFileReference; lastKnownFileType = sourcecode.c.objc; path = GKDEmptyViewController.m; sourceTree = "<group>"; };
		CE37C685233B4AAA00C4F196 /* GKDRowModel.h */ = {isa = PBXFileReference; lastKnownFileType = sourcecode.c.h; path = GKDRowModel.h; sourceTree = "<group>"; };
		CE37C686233B4AAA00C4F196 /* GKDRowModel.m */ = {isa = PBXFileReference; lastKnownFileType = sourcecode.c.objc; path = GKDRowModel.m; sourceTree = "<group>"; };
		CE3884F427FD4D830013F1D4 /* Pyidaungsu-Bold.ttf */ = {isa = PBXFileReference; lastKnownFileType = file; path = "Pyidaungsu-Bold.ttf"; sourceTree = "<group>"; };
		CE3884F527FD4D830013F1D4 /* Pyidaungsu-Regular.ttf */ = {isa = PBXFileReference; lastKnownFileType = file; path = "Pyidaungsu-Regular.ttf"; sourceTree = "<group>"; };
		CE48AB1825F081AC00B4F012 /* GliKitDemo-Bridging-Header.h */ = {isa = PBXFileReference; lastKnownFileType = sourcecode.c.h; path = "GliKitDemo-Bridging-Header.h"; sourceTree = "<group>"; };
		CE48AB1925F081AC00B4F012 /* RootListCell.swift */ = {isa = PBXFileReference; lastKnownFileType = sourcecode.swift; path = RootListCell.swift; sourceTree = "<group>"; };
		CE48AB1D25F08BA700B4F012 /* CheckBox.swift */ = {isa = PBXFileReference; lastKnownFileType = sourcecode.swift; path = CheckBox.swift; sourceTree = "<group>"; };
		CE549B492481027900534D91 /* GKDTabBarController.h */ = {isa = PBXFileReference; lastKnownFileType = sourcecode.c.h; path = GKDTabBarController.h; sourceTree = "<group>"; };
		CE549B4A2481027900534D91 /* GKDTabBarController.m */ = {isa = PBXFileReference; lastKnownFileType = sourcecode.c.objc; path = GKDTabBarController.m; sourceTree = "<group>"; };
		CE8CC362246BC9E600EE6414 /* 512x384.webp */ = {isa = PBXFileReference; lastKnownFileType = file; path = 512x384.webp; sourceTree = "<group>"; };
		CE97636223B59F27001A5DD3 /* test.html */ = {isa = PBXFileReference; fileEncoding = 4; lastKnownFileType = text.html; path = test.html; sourceTree = "<group>"; };
		CEAA8B3527FE78F400AC0147 /* MyanmarSangamMN.ttc */ = {isa = PBXFileReference; lastKnownFileType = file; path = MyanmarSangamMN.ttc; sourceTree = "<group>"; };
		CEAA8B3727FE7C7100AC0147 /* MyanmarMN.ttc */ = {isa = PBXFileReference; lastKnownFileType = file; path = MyanmarMN.ttc; sourceTree = "<group>"; };
		CEAB052E236FB17600D2A4CF /* GKDWebViewController.h */ = {isa = PBXFileReference; lastKnownFileType = sourcecode.c.h; path = GKDWebViewController.h; sourceTree = "<group>"; };
		CEAB052F236FB17600D2A4CF /* GKDWebViewController.m */ = {isa = PBXFileReference; lastKnownFileType = sourcecode.c.objc; path = GKDWebViewController.m; sourceTree = "<group>"; };
		CEB37EAB249B42EF00C15460 /* star_white.png */ = {isa = PBXFileReference; lastKnownFileType = image.png; path = star_white.png; sourceTree = "<group>"; };
		CEB37EAC249B42EF00C15460 /* confeti3.png */ = {isa = PBXFileReference; lastKnownFileType = image.png; path = confeti3.png; sourceTree = "<group>"; };
		CEB37EAD249B42EF00C15460 /* confeti2.png */ = {isa = PBXFileReference; lastKnownFileType = image.png; path = confeti2.png; sourceTree = "<group>"; };
		CEB37EAE249B42EF00C15460 /* dust.png */ = {isa = PBXFileReference; lastKnownFileType = image.png; path = dust.png; sourceTree = "<group>"; };
		CEB37EAF249B42EF00C15460 /* star_pink.png */ = {isa = PBXFileReference; lastKnownFileType = image.png; path = star_pink.png; sourceTree = "<group>"; };
		CEB37EB0249B42EF00C15460 /* ic_launcher.png */ = {isa = PBXFileReference; lastKnownFileType = image.png; path = ic_launcher.png; sourceTree = "<group>"; };
		CEB37EB1249B42EF00C15460 /* star.png */ = {isa = PBXFileReference; lastKnownFileType = image.png; path = star.png; sourceTree = "<group>"; };
		CEB37EB9249B698A00C15460 /* meat.jpg */ = {isa = PBXFileReference; lastKnownFileType = image.jpeg; path = meat.jpg; sourceTree = "<group>"; };
		CEB37EBB249B6A8D00C15460 /* meat_1.jpg */ = {isa = PBXFileReference; lastKnownFileType = image.jpeg; path = meat_1.jpg; sourceTree = "<group>"; };
		CEB37EBC249B6A8D00C15460 /* meat_2.jpg */ = {isa = PBXFileReference; lastKnownFileType = image.jpeg; path = meat_2.jpg; sourceTree = "<group>"; };
		CEB85F4C232630210045CB38 /* GKDNestedParentViewController.h */ = {isa = PBXFileReference; lastKnownFileType = sourcecode.c.h; path = GKDNestedParentViewController.h; sourceTree = "<group>"; };
		CEB85F4D232630210045CB38 /* GKDNestedParentViewController.m */ = {isa = PBXFileReference; lastKnownFileType = sourcecode.c.objc; path = GKDNestedParentViewController.m; sourceTree = "<group>"; };
		CEB85F4F232630560045CB38 /* GKDNestedTableViewCell.h */ = {isa = PBXFileReference; lastKnownFileType = sourcecode.c.h; path = GKDNestedTableViewCell.h; sourceTree = "<group>"; };
		CEB85F50232630560045CB38 /* GKDNestedTableViewCell.m */ = {isa = PBXFileReference; lastKnownFileType = sourcecode.c.objc; path = GKDNestedTableViewCell.m; sourceTree = "<group>"; };
		CEB85F51232630560045CB38 /* GKDNestedTableViewCell.xib */ = {isa = PBXFileReference; lastKnownFileType = file.xib; path = GKDNestedTableViewCell.xib; sourceTree = "<group>"; };
		CEB85F54232630DA0045CB38 /* GKDNestedPageViewController.h */ = {isa = PBXFileReference; lastKnownFileType = sourcecode.c.h; path = GKDNestedPageViewController.h; sourceTree = "<group>"; };
		CEB85F55232630DA0045CB38 /* GKDNestedPageViewController.m */ = {isa = PBXFileReference; lastKnownFileType = sourcecode.c.objc; path = GKDNestedPageViewController.m; sourceTree = "<group>"; };
		CEB85F57232630FA0045CB38 /* GKDChildPageViewController.h */ = {isa = PBXFileReference; lastKnownFileType = sourcecode.c.h; path = GKDChildPageViewController.h; sourceTree = "<group>"; };
		CEB85F58232630FA0045CB38 /* GKDChildPageViewController.m */ = {isa = PBXFileReference; lastKnownFileType = sourcecode.c.objc; path = GKDChildPageViewController.m; sourceTree = "<group>"; };
		CEBBC8022499BE2400F334CC /* GKDEmitterView.h */ = {isa = PBXFileReference; lastKnownFileType = sourcecode.c.h; path = GKDEmitterView.h; sourceTree = "<group>"; };
		CEBBC8032499BE2400F334CC /* GKDEmitterView.m */ = {isa = PBXFileReference; lastKnownFileType = sourcecode.c.objc; path = GKDEmitterView.m; sourceTree = "<group>"; };
		CEBBC8052499BE4300F334CC /* GKDEmitterCell.h */ = {isa = PBXFileReference; lastKnownFileType = sourcecode.c.h; path = GKDEmitterCell.h; sourceTree = "<group>"; };
		CEBBC8062499BE4300F334CC /* GKDEmitterCell.m */ = {isa = PBXFileReference; lastKnownFileType = sourcecode.c.objc; path = GKDEmitterCell.m; sourceTree = "<group>"; };
		CEC1732D233DE50A00A1ADA8 /* GKDProgressViewController.h */ = {isa = PBXFileReference; lastKnownFileType = sourcecode.c.h; path = GKDProgressViewController.h; sourceTree = "<group>"; };
		CEC1732E233DE50A00A1ADA8 /* GKDProgressViewController.m */ = {isa = PBXFileReference; lastKnownFileType = sourcecode.c.objc; path = GKDProgressViewController.m; sourceTree = "<group>"; };
		CEC2D973239F8C0900F14210 /* GKDAlertViewController.h */ = {isa = PBXFileReference; lastKnownFileType = sourcecode.c.h; path = GKDAlertViewController.h; sourceTree = "<group>"; };
		CEC2D974239F8C0900F14210 /* GKDAlertViewController.m */ = {isa = PBXFileReference; lastKnownFileType = sourcecode.c.objc; path = GKDAlertViewController.m; sourceTree = "<group>"; };
		CEC2D975239F8C0900F14210 /* GKDAlertViewController.xib */ = {isa = PBXFileReference; lastKnownFileType = file.xib; path = GKDAlertViewController.xib; sourceTree = "<group>"; };
		CEC3C840231E5612003ADE7A /* GKDSkeletonViewController.h */ = {isa = PBXFileReference; lastKnownFileType = sourcecode.c.h; path = GKDSkeletonViewController.h; sourceTree = "<group>"; };
		CEC3C841231E5612003ADE7A /* GKDSkeletonViewController.m */ = {isa = PBXFileReference; lastKnownFileType = sourcecode.c.objc; path = GKDSkeletonViewController.m; sourceTree = "<group>"; };
		CEC3C843231E5971003ADE7A /* GKDNormalSkeletonViewController.h */ = {isa = PBXFileReference; lastKnownFileType = sourcecode.c.h; path = GKDNormalSkeletonViewController.h; sourceTree = "<group>"; };
		CEC3C844231E5971003ADE7A /* GKDNormalSkeletonViewController.m */ = {isa = PBXFileReference; lastKnownFileType = sourcecode.c.objc; path = GKDNormalSkeletonViewController.m; sourceTree = "<group>"; };
		CEC3C845231E5971003ADE7A /* GKDNormalSkeletonViewController.xib */ = {isa = PBXFileReference; lastKnownFileType = file.xib; path = GKDNormalSkeletonViewController.xib; sourceTree = "<group>"; };
		CEC3C848231E5990003ADE7A /* GKDTableViewSkeletonViewController.h */ = {isa = PBXFileReference; lastKnownFileType = sourcecode.c.h; path = GKDTableViewSkeletonViewController.h; sourceTree = "<group>"; };
		CEC3C849231E5990003ADE7A /* GKDTableViewSkeletonViewController.m */ = {isa = PBXFileReference; lastKnownFileType = sourcecode.c.objc; path = GKDTableViewSkeletonViewController.m; sourceTree = "<group>"; };
		CEC3C84B231E59AE003ADE7A /* GKDCollectionViewSkeletonViewController.h */ = {isa = PBXFileReference; lastKnownFileType = sourcecode.c.h; path = GKDCollectionViewSkeletonViewController.h; sourceTree = "<group>"; };
		CEC3C84C231E59AE003ADE7A /* GKDCollectionViewSkeletonViewController.m */ = {isa = PBXFileReference; lastKnownFileType = sourcecode.c.objc; path = GKDCollectionViewSkeletonViewController.m; sourceTree = "<group>"; };
		CEC3C84E231E59CD003ADE7A /* GKDTableViewSkeletonCell.h */ = {isa = PBXFileReference; lastKnownFileType = sourcecode.c.h; path = GKDTableViewSkeletonCell.h; sourceTree = "<group>"; };
		CEC3C84F231E59CD003ADE7A /* GKDTableViewSkeletonCell.m */ = {isa = PBXFileReference; lastKnownFileType = sourcecode.c.objc; path = GKDTableViewSkeletonCell.m; sourceTree = "<group>"; };
		CEC3C850231E59CD003ADE7A /* GKDTableViewSkeletonCell.xib */ = {isa = PBXFileReference; lastKnownFileType = file.xib; path = GKDTableViewSkeletonCell.xib; sourceTree = "<group>"; };
		CEC3C853231E5AB9003ADE7A /* GKDTableViewSkeletonHeader.h */ = {isa = PBXFileReference; lastKnownFileType = sourcecode.c.h; path = GKDTableViewSkeletonHeader.h; sourceTree = "<group>"; };
		CEC3C854231E5AB9003ADE7A /* GKDTableViewSkeletonHeader.m */ = {isa = PBXFileReference; lastKnownFileType = sourcecode.c.objc; path = GKDTableViewSkeletonHeader.m; sourceTree = "<group>"; };
		CEC3C856231E5AEE003ADE7A /* GKDCollectionViewSkeletonCell.h */ = {isa = PBXFileReference; lastKnownFileType = sourcecode.c.h; path = GKDCollectionViewSkeletonCell.h; sourceTree = "<group>"; };
		CEC3C857231E5AEE003ADE7A /* GKDCollectionViewSkeletonCell.m */ = {isa = PBXFileReference; lastKnownFileType = sourcecode.c.objc; path = GKDCollectionViewSkeletonCell.m; sourceTree = "<group>"; };
		CEC3C859231E5B15003ADE7A /* GKDCollectionViewSkeletonHeader.h */ = {isa = PBXFileReference; lastKnownFileType = sourcecode.c.h; path = GKDCollectionViewSkeletonHeader.h; sourceTree = "<group>"; };
		CEC3C85A231E5B15003ADE7A /* GKDCollectionViewSkeletonHeader.m */ = {isa = PBXFileReference; lastKnownFileType = sourcecode.c.objc; path = GKDCollectionViewSkeletonHeader.m; sourceTree = "<group>"; };
		CEC3C85B231E5B15003ADE7A /* GKDCollectionViewSkeletonHeader.xib */ = {isa = PBXFileReference; lastKnownFileType = file.xib; path = GKDCollectionViewSkeletonHeader.xib; sourceTree = "<group>"; };
		CEC6AF42245671E0006B22BB /* GKDialogViewController.h */ = {isa = PBXFileReference; lastKnownFileType = sourcecode.c.h; path = GKDialogViewController.h; sourceTree = "<group>"; };
		CEC6AF43245671E0006B22BB /* GKDialogViewController.m */ = {isa = PBXFileReference; lastKnownFileType = sourcecode.c.objc; path = GKDialogViewController.m; sourceTree = "<group>"; };
		CEC9C321242B14A90082E631 /* GliKitDemo.entitlements */ = {isa = PBXFileReference; lastKnownFileType = text.plist.entitlements; path = GliKitDemo.entitlements; sourceTree = "<group>"; };
		CED1B13E2320FAC1009C4D6C /* GKDTransitionViewController.h */ = {isa = PBXFileReference; lastKnownFileType = sourcecode.c.h; path = GKDTransitionViewController.h; sourceTree = "<group>"; };
		CED1B13F2320FAC1009C4D6C /* GKDTransitionViewController.m */ = {isa = PBXFileReference; lastKnownFileType = sourcecode.c.objc; path = GKDTransitionViewController.m; sourceTree = "<group>"; };
		CED1B1402320FAC1009C4D6C /* GKDTransitionViewController.xib */ = {isa = PBXFileReference; lastKnownFileType = file.xib; path = GKDTransitionViewController.xib; sourceTree = "<group>"; };
		CEDD8BA928DC3F0B005FC383 /* GKDDynamicViewController.h */ = {isa = PBXFileReference; lastKnownFileType = sourcecode.c.h; path = GKDDynamicViewController.h; sourceTree = "<group>"; };
		CEDD8BAA28DC3F0B005FC383 /* GKDDynamicViewController.m */ = {isa = PBXFileReference; lastKnownFileType = sourcecode.c.objc; path = GKDDynamicViewController.m; sourceTree = "<group>"; };
		CEDD8BAC28DC3FE4005FC383 /* GKDDynamicBannerCell.h */ = {isa = PBXFileReference; lastKnownFileType = sourcecode.c.h; path = GKDDynamicBannerCell.h; sourceTree = "<group>"; };
		CEDD8BAD28DC3FE4005FC383 /* GKDDynamicBannerCell.m */ = {isa = PBXFileReference; lastKnownFileType = sourcecode.c.objc; path = GKDDynamicBannerCell.m; sourceTree = "<group>"; };
		CEDD8BAF28DC3FFB005FC383 /* GKDDynamicCell.h */ = {isa = PBXFileReference; lastKnownFileType = sourcecode.c.h; path = GKDDynamicCell.h; sourceTree = "<group>"; };
		CEDD8BB028DC3FFB005FC383 /* GKDDynamicCell.m */ = {isa = PBXFileReference; lastKnownFileType = sourcecode.c.objc; path = GKDDynamicCell.m; sourceTree = "<group>"; };
		CEDEC98A24B6A669001B623D /* icon_filled_brand_head_dark.svg */ = {isa = PBXFileReference; fileEncoding = 4; lastKnownFileType = text.xml; path = icon_filled_brand_head_dark.svg; sourceTree = "<group>"; };
		CEE8C88F231911E900E7CA75 /* GliKitDemo.app */ = {isa = PBXFileReference; explicitFileType = wrapper.application; includeInIndex = 0; path = GliKitDemo.app; sourceTree = BUILT_PRODUCTS_DIR; };
		CEE8C892231911E900E7CA75 /* AppDelegate.h */ = {isa = PBXFileReference; lastKnownFileType = sourcecode.c.h; path = AppDelegate.h; sourceTree = "<group>"; };
		CEE8C893231911E900E7CA75 /* AppDelegate.m */ = {isa = PBXFileReference; lastKnownFileType = sourcecode.c.objc; path = AppDelegate.m; sourceTree = "<group>"; };
		CEE8C89B231911EB00E7CA75 /* Assets.xcassets */ = {isa = PBXFileReference; lastKnownFileType = folder.assetcatalog; path = Assets.xcassets; sourceTree = "<group>"; };
		CEE8C89E231911EB00E7CA75 /* Base */ = {isa = PBXFileReference; lastKnownFileType = file.storyboard; name = Base; path = Base.lproj/LaunchScreen.storyboard; sourceTree = "<group>"; };
		CEE8C8A0231911EB00E7CA75 /* Info.plist */ = {isa = PBXFileReference; lastKnownFileType = text.plist.xml; path = Info.plist; sourceTree = "<group>"; };
		CEE8C8A1231911EB00E7CA75 /* main.m */ = {isa = PBXFileReference; lastKnownFileType = sourcecode.c.objc; path = main.m; sourceTree = "<group>"; };
		CEE8C8AB231915DB00E7CA75 /* GKDRootViewController.h */ = {isa = PBXFileReference; lastKnownFileType = sourcecode.c.h; path = GKDRootViewController.h; sourceTree = "<group>"; };
		CEE8C8AC231915DB00E7CA75 /* GKDRootViewController.m */ = {isa = PBXFileReference; lastKnownFileType = sourcecode.c.objc; path = GKDRootViewController.m; sourceTree = "<group>"; };
		CEE8C8AE231917AB00E7CA75 /* GKDPhotosViewController.h */ = {isa = PBXFileReference; lastKnownFileType = sourcecode.c.h; path = GKDPhotosViewController.h; sourceTree = "<group>"; };
		CEE8C8AF231917AB00E7CA75 /* GKDPhotosViewController.m */ = {isa = PBXFileReference; lastKnownFileType = sourcecode.c.objc; path = GKDPhotosViewController.m; sourceTree = "<group>"; };
		CEE8C8B423191BAE00E7CA75 /* PrefixHeader.pch */ = {isa = PBXFileReference; lastKnownFileType = sourcecode.c.h; path = PrefixHeader.pch; sourceTree = "<group>"; };
		CEE8C8B523191CE400E7CA75 /* GKDPhotosCollectionViewCell.h */ = {isa = PBXFileReference; lastKnownFileType = sourcecode.c.h; path = GKDPhotosCollectionViewCell.h; sourceTree = "<group>"; };
		CEE8C8B623191CE400E7CA75 /* GKDPhotosCollectionViewCell.m */ = {isa = PBXFileReference; lastKnownFileType = sourcecode.c.objc; path = GKDPhotosCollectionViewCell.m; sourceTree = "<group>"; };
		DD740E3E13DC2B05CC565386 /* Pods-GliKitDemo.debug.xcconfig */ = {isa = PBXFileReference; includeInIndex = 1; lastKnownFileType = text.xcconfig; name = "Pods-GliKitDemo.debug.xcconfig"; path = "Target Support Files/Pods-GliKitDemo/Pods-GliKitDemo.debug.xcconfig"; sourceTree = "<group>"; };
		EBF366D86309791F17B91FF0 /* libPods-GliKitDemo.a */ = {isa = PBXFileReference; explicitFileType = archive.ar; includeInIndex = 0; path = "libPods-GliKitDemo.a"; sourceTree = BUILT_PRODUCTS_DIR; };
/* End PBXFileReference section */

/* Begin PBXFrameworksBuildPhase section */
		117E997D29EE33AF009C563A /* Frameworks */ = {
			isa = PBXFrameworksBuildPhase;
			buildActionMask = 2147483647;
			files = (
			);
			runOnlyForDeploymentPostprocessing = 0;
		};
		CEE8C88C231911E900E7CA75 /* Frameworks */ = {
			isa = PBXFrameworksBuildPhase;
			buildActionMask = 2147483647;
			files = (
				CE1641DC274397BA0064B2CE /* CoreAudio.framework in Frameworks */,
				1E85CB6F0BDD993E961570A1 /* libPods-GliKitDemo.a in Frameworks */,
			);
			runOnlyForDeploymentPostprocessing = 0;
		};
/* End PBXFrameworksBuildPhase section */

/* Begin PBXGroup section */
		117E998129EE33AF009C563A /* GliKitDemoTests */ = {
			isa = PBXGroup;
			children = (
				117E998229EE33AF009C563A /* GliKitDemoTests.m */,
			);
			path = GliKitDemoTests;
			sourceTree = "<group>";
		};
		6D08CDCE58D62FB58D901258 /* Pods */ = {
			isa = PBXGroup;
			children = (
				DD740E3E13DC2B05CC565386 /* Pods-GliKitDemo.debug.xcconfig */,
				C2F6786776DB100AB02C78D3 /* Pods-GliKitDemo.release.xcconfig */,
				B183DC3A9632FD62AABE12BD /* Pods-GliKitApp.debug.xcconfig */,
				85141611C461B48B8263ABC7 /* Pods-GliKitApp.release.xcconfig */,
			);
			path = Pods;
			sourceTree = "<group>";
		};
		9BB3C0682925525264F42BDB /* Frameworks */ = {
			isa = PBXGroup;
			children = (
				CE1641DB274397BA0064B2CE /* CoreAudio.framework */,
				4FD52519E97361498535A3AF /* libPods-GliKitApp.a */,
				EBF366D86309791F17B91FF0 /* libPods-GliKitDemo.a */,
			);
			name = Frameworks;
			sourceTree = "<group>";
		};
		CE134D5B24F363A900F34CB4 /* Banner */ = {
			isa = PBXGroup;
			children = (
				CE134D5C24F363A900F34CB4 /* Controller */,
			);
			path = Banner;
			sourceTree = "<group>";
		};
		CE134D5C24F363A900F34CB4 /* Controller */ = {
			isa = PBXGroup;
			children = (
				CE134D5D24F363BE00F34CB4 /* GKDBannerViewController.h */,
				CE134D5E24F363BE00F34CB4 /* GKDBannerViewController.m */,
			);
			path = Controller;
			sourceTree = "<group>";
		};
		CE37C677233B499000C4F196 /* EmptyView */ = {
			isa = PBXGroup;
			children = (
				CE37C678233B499000C4F196 /* Controller */,
			);
			path = EmptyView;
			sourceTree = "<group>";
		};
		CE37C678233B499000C4F196 /* Controller */ = {
			isa = PBXGroup;
			children = (
				CE37C679233B49AF00C4F196 /* GKDNormalEmptyViewController.h */,
				CE37C67A233B49AF00C4F196 /* GKDNormalEmptyViewController.m */,
				CE37C67C233B49C000C4F196 /* GKDTableEmptyViewController.h */,
				CE37C67D233B49C000C4F196 /* GKDTableEmptyViewController.m */,
				CE37C67F233B49D500C4F196 /* GKDCollectionEmptyViewController.h */,
				CE37C680233B49D500C4F196 /* GKDCollectionEmptyViewController.m */,
				CE37C682233B4A2700C4F196 /* GKDEmptyViewController.h */,
				CE37C683233B4A2700C4F196 /* GKDEmptyViewController.m */,
			);
			path = Controller;
			sourceTree = "<group>";
		};
		CEAB052C236FB15900D2A4CF /* Web */ = {
			isa = PBXGroup;
			children = (
				CEAB052D236FB15900D2A4CF /* Controller */,
			);
			path = Web;
			sourceTree = "<group>";
		};
		CEAB052D236FB15900D2A4CF /* Controller */ = {
			isa = PBXGroup;
			children = (
				CEAB052E236FB17600D2A4CF /* GKDWebViewController.h */,
				CEAB052F236FB17600D2A4CF /* GKDWebViewController.m */,
			);
			path = Controller;
			sourceTree = "<group>";
		};
		CEB37EA9249B42EF00C15460 /* Resouces */ = {
			isa = PBXGroup;
			children = (
				CEB37EAA249B42EF00C15460 /* Images */,
			);
			path = Resouces;
			sourceTree = SOURCE_ROOT;
		};
		CEB37EAA249B42EF00C15460 /* Images */ = {
			isa = PBXGroup;
			children = (
				CEB37EAB249B42EF00C15460 /* star_white.png */,
				CEB37EAC249B42EF00C15460 /* confeti3.png */,
				CEB37EAD249B42EF00C15460 /* confeti2.png */,
				CEB37EAE249B42EF00C15460 /* dust.png */,
				CEB37EAF249B42EF00C15460 /* star_pink.png */,
				CEB37EB0249B42EF00C15460 /* ic_launcher.png */,
				CEB37EB1249B42EF00C15460 /* star.png */,
			);
			path = Images;
			sourceTree = "<group>";
		};
		CEB85F49232630000045CB38 /* NestedScroll */ = {
			isa = PBXGroup;
			children = (
				CEB85F4A232630000045CB38 /* Controller */,
				CEB85F4B232630000045CB38 /* View */,
			);
			path = NestedScroll;
			sourceTree = "<group>";
		};
		CEB85F4A232630000045CB38 /* Controller */ = {
			isa = PBXGroup;
			children = (
				CEB85F4C232630210045CB38 /* GKDNestedParentViewController.h */,
				CEB85F4D232630210045CB38 /* GKDNestedParentViewController.m */,
				CEB85F54232630DA0045CB38 /* GKDNestedPageViewController.h */,
				CEB85F55232630DA0045CB38 /* GKDNestedPageViewController.m */,
				CEB85F57232630FA0045CB38 /* GKDChildPageViewController.h */,
				CEB85F58232630FA0045CB38 /* GKDChildPageViewController.m */,
			);
			path = Controller;
			sourceTree = "<group>";
		};
		CEB85F4B232630000045CB38 /* View */ = {
			isa = PBXGroup;
			children = (
				CEB85F4F232630560045CB38 /* GKDNestedTableViewCell.h */,
				CEB85F50232630560045CB38 /* GKDNestedTableViewCell.m */,
				CEB85F51232630560045CB38 /* GKDNestedTableViewCell.xib */,
			);
			path = View;
			sourceTree = "<group>";
		};
		CEBBC7FD2499B97400F334CC /* Animation */ = {
			isa = PBXGroup;
			children = (
				CEBBC7FE2499B97400F334CC /* Emitter */,
			);
			path = Animation;
			sourceTree = "<group>";
		};
		CEBBC7FE2499B97400F334CC /* Emitter */ = {
			isa = PBXGroup;
			children = (
				CEBBC8022499BE2400F334CC /* GKDEmitterView.h */,
				CEBBC8032499BE2400F334CC /* GKDEmitterView.m */,
				CEBBC8052499BE4300F334CC /* GKDEmitterCell.h */,
				CEBBC8062499BE4300F334CC /* GKDEmitterCell.m */,
			);
			path = Emitter;
			sourceTree = "<group>";
		};
		CEC1732B233DE4F400A1ADA8 /* Progress */ = {
			isa = PBXGroup;
			children = (
				CEC1732C233DE4F400A1ADA8 /* Controller */,
			);
			path = Progress;
			sourceTree = "<group>";
		};
		CEC1732C233DE4F400A1ADA8 /* Controller */ = {
			isa = PBXGroup;
			children = (
				CEC1732D233DE50A00A1ADA8 /* GKDProgressViewController.h */,
				CEC1732E233DE50A00A1ADA8 /* GKDProgressViewController.m */,
			);
			path = Controller;
			sourceTree = "<group>";
		};
		CEC2D971239F8BD400F14210 /* Alert */ = {
			isa = PBXGroup;
			children = (
				CEC2D972239F8BD400F14210 /* Controller */,
			);
			path = Alert;
			sourceTree = "<group>";
		};
		CEC2D972239F8BD400F14210 /* Controller */ = {
			isa = PBXGroup;
			children = (
				CEC2D973239F8C0900F14210 /* GKDAlertViewController.h */,
				CEC2D974239F8C0900F14210 /* GKDAlertViewController.m */,
				CEC2D975239F8C0900F14210 /* GKDAlertViewController.xib */,
				CEC6AF42245671E0006B22BB /* GKDialogViewController.h */,
				CEC6AF43245671E0006B22BB /* GKDialogViewController.m */,
			);
			path = Controller;
			sourceTree = "<group>";
		};
		CEC3C83D231E55F1003ADE7A /* Skeleton */ = {
			isa = PBXGroup;
			children = (
				CEC3C83E231E55F1003ADE7A /* Controller */,
				CEC3C83F231E55F1003ADE7A /* View */,
			);
			path = Skeleton;
			sourceTree = "<group>";
		};
		CEC3C83E231E55F1003ADE7A /* Controller */ = {
			isa = PBXGroup;
			children = (
				CEC3C840231E5612003ADE7A /* GKDSkeletonViewController.h */,
				CEC3C841231E5612003ADE7A /* GKDSkeletonViewController.m */,
				CEC3C843231E5971003ADE7A /* GKDNormalSkeletonViewController.h */,
				CEC3C844231E5971003ADE7A /* GKDNormalSkeletonViewController.m */,
				CEC3C845231E5971003ADE7A /* GKDNormalSkeletonViewController.xib */,
				CEC3C848231E5990003ADE7A /* GKDTableViewSkeletonViewController.h */,
				CEC3C849231E5990003ADE7A /* GKDTableViewSkeletonViewController.m */,
				CEC3C84B231E59AE003ADE7A /* GKDCollectionViewSkeletonViewController.h */,
				CEC3C84C231E59AE003ADE7A /* GKDCollectionViewSkeletonViewController.m */,
			);
			path = Controller;
			sourceTree = "<group>";
		};
		CEC3C83F231E55F1003ADE7A /* View */ = {
			isa = PBXGroup;
			children = (
				CEC3C84E231E59CD003ADE7A /* GKDTableViewSkeletonCell.h */,
				CEC3C84F231E59CD003ADE7A /* GKDTableViewSkeletonCell.m */,
				CEC3C850231E59CD003ADE7A /* GKDTableViewSkeletonCell.xib */,
				CEC3C853231E5AB9003ADE7A /* GKDTableViewSkeletonHeader.h */,
				CEC3C854231E5AB9003ADE7A /* GKDTableViewSkeletonHeader.m */,
				CEC3C856231E5AEE003ADE7A /* GKDCollectionViewSkeletonCell.h */,
				CEC3C857231E5AEE003ADE7A /* GKDCollectionViewSkeletonCell.m */,
				CEC3C859231E5B15003ADE7A /* GKDCollectionViewSkeletonHeader.h */,
				CEC3C85A231E5B15003ADE7A /* GKDCollectionViewSkeletonHeader.m */,
				CEC3C85B231E5B15003ADE7A /* GKDCollectionViewSkeletonHeader.xib */,
			);
			path = View;
			sourceTree = "<group>";
		};
		CED1B13C2320FA54009C4D6C /* Transition */ = {
			isa = PBXGroup;
			children = (
				CED1B13D2320FA54009C4D6C /* Controller */,
			);
			path = Transition;
			sourceTree = "<group>";
		};
		CED1B13D2320FA54009C4D6C /* Controller */ = {
			isa = PBXGroup;
			children = (
				CED1B13E2320FAC1009C4D6C /* GKDTransitionViewController.h */,
				CED1B13F2320FAC1009C4D6C /* GKDTransitionViewController.m */,
				CED1B1402320FAC1009C4D6C /* GKDTransitionViewController.xib */,
			);
			path = Controller;
			sourceTree = "<group>";
		};
		CEDD8BA628DC3EEC005FC383 /* Dynamic */ = {
			isa = PBXGroup;
			children = (
				CEDD8BA728DC3EEC005FC383 /* View */,
				CEDD8BA828DC3EEC005FC383 /* Controlelr */,
			);
			path = Dynamic;
			sourceTree = "<group>";
		};
		CEDD8BA728DC3EEC005FC383 /* View */ = {
			isa = PBXGroup;
			children = (
				CEDD8BAC28DC3FE4005FC383 /* GKDDynamicBannerCell.h */,
				CEDD8BAD28DC3FE4005FC383 /* GKDDynamicBannerCell.m */,
				CEDD8BAF28DC3FFB005FC383 /* GKDDynamicCell.h */,
				CEDD8BB028DC3FFB005FC383 /* GKDDynamicCell.m */,
			);
			path = View;
			sourceTree = "<group>";
		};
		CEDD8BA828DC3EEC005FC383 /* Controlelr */ = {
			isa = PBXGroup;
			children = (
				CEDD8BA928DC3F0B005FC383 /* GKDDynamicViewController.h */,
				CEDD8BAA28DC3F0B005FC383 /* GKDDynamicViewController.m */,
			);
			path = Controlelr;
			sourceTree = "<group>";
		};
		CEE8C886231911E900E7CA75 = {
			isa = PBXGroup;
			children = (
				CEE8C891231911E900E7CA75 /* GliKitDemo */,
				117E998129EE33AF009C563A /* GliKitDemoTests */,
				CEE8C890231911E900E7CA75 /* Products */,
				6D08CDCE58D62FB58D901258 /* Pods */,
				9BB3C0682925525264F42BDB /* Frameworks */,
			);
			sourceTree = "<group>";
		};
		CEE8C890231911E900E7CA75 /* Products */ = {
			isa = PBXGroup;
			children = (
				CEE8C88F231911E900E7CA75 /* GliKitDemo.app */,
				117E998029EE33AF009C563A /* GliKitDemoTests.xctest */,
			);
			name = Products;
			sourceTree = "<group>";
		};
		CEE8C891231911E900E7CA75 /* GliKitDemo */ = {
			isa = PBXGroup;
			children = (
				CEDD8BA628DC3EEC005FC383 /* Dynamic */,
				CE134D5B24F363A900F34CB4 /* Banner */,
				CEDEC98A24B6A669001B623D /* icon_filled_brand_head_dark.svg */,
				CEB37EBB249B6A8D00C15460 /* meat_1.jpg */,
				CEB37EBC249B6A8D00C15460 /* meat_2.jpg */,
				CEB37EB9249B698A00C15460 /* meat.jpg */,
				CEB37EA9249B42EF00C15460 /* Resouces */,
				CEBBC7FD2499B97400F334CC /* Animation */,
				CE8CC362246BC9E600EE6414 /* 512x384.webp */,
				CEC9C321242B14A90082E631 /* GliKitDemo.entitlements */,
				CEC2D971239F8BD400F14210 /* Alert */,
				CEAB052C236FB15900D2A4CF /* Web */,
				CEC1732B233DE4F400A1ADA8 /* Progress */,
				CE37C677233B499000C4F196 /* EmptyView */,
				CEB85F49232630000045CB38 /* NestedScroll */,
				CED1B13C2320FA54009C4D6C /* Transition */,
				CEC3C83D231E55F1003ADE7A /* Skeleton */,
				CEE8C8A8231915A300E7CA75 /* Photos */,
				CEE8C892231911E900E7CA75 /* AppDelegate.h */,
				CEE8C893231911E900E7CA75 /* AppDelegate.m */,
				CEE8C8AB231915DB00E7CA75 /* GKDRootViewController.h */,
				CEE8C8AC231915DB00E7CA75 /* GKDRootViewController.m */,
				CE37C685233B4AAA00C4F196 /* GKDRowModel.h */,
				CE37C686233B4AAA00C4F196 /* GKDRowModel.m */,
				CEAA8B3527FE78F400AC0147 /* MyanmarSangamMN.ttc */,
				CEAA8B3727FE7C7100AC0147 /* MyanmarMN.ttc */,
				CE3884F427FD4D830013F1D4 /* Pyidaungsu-Bold.ttf */,
				CE3884F527FD4D830013F1D4 /* Pyidaungsu-Regular.ttf */,
				CE1AFE25272A3E2B0029B42D /* NotoSansMyanmar.ttc */,
				CE2C55202727E3B30047DA92 /* Oxygen-Bold.ttf */,
				CE1F8B262988EF0F00AB1455 /* zoo.MOV */,
				CE97636223B59F27001A5DD3 /* test.html */,
				CEE8C89B231911EB00E7CA75 /* Assets.xcassets */,
				CEE8C89D231911EB00E7CA75 /* LaunchScreen.storyboard */,
				CEE8C8A0231911EB00E7CA75 /* Info.plist */,
				CEE8C8A1231911EB00E7CA75 /* main.m */,
				CEE8C8B423191BAE00E7CA75 /* PrefixHeader.pch */,
				CE549B492481027900534D91 /* GKDTabBarController.h */,
				CE549B4A2481027900534D91 /* GKDTabBarController.m */,
				CE48AB1925F081AC00B4F012 /* RootListCell.swift */,
				CE48AB1D25F08BA700B4F012 /* CheckBox.swift */,
				CE48AB1825F081AC00B4F012 /* GliKitDemo-Bridging-Header.h */,
				CE0D6B9025F716A500F3459E /* GKDLoadMonitor.h */,
				CE0D6B9125F716A500F3459E /* GKDLoadMonitor.m */,
				CE0C4C3C27BE583400BF7E19 /* Radio.swift */,
			);
			path = GliKitDemo;
			sourceTree = "<group>";
		};
		CEE8C8A8231915A300E7CA75 /* Photos */ = {
			isa = PBXGroup;
			children = (
				CEE8C8A9231915A300E7CA75 /* Controller */,
				CEE8C8AA231915A300E7CA75 /* View */,
			);
			path = Photos;
			sourceTree = "<group>";
		};
		CEE8C8A9231915A300E7CA75 /* Controller */ = {
			isa = PBXGroup;
			children = (
				CEE8C8AE231917AB00E7CA75 /* GKDPhotosViewController.h */,
				CEE8C8AF231917AB00E7CA75 /* GKDPhotosViewController.m */,
				11A9CD8E2A17731300810723 /* GKDStretchBackgroundViewController.h */,
				11A9CD8F2A17731300810723 /* GKDStretchBackgroundViewController.m */,
			);
			path = Controller;
			sourceTree = "<group>";
		};
		CEE8C8AA231915A300E7CA75 /* View */ = {
			isa = PBXGroup;
			children = (
				CEE8C8B523191CE400E7CA75 /* GKDPhotosCollectionViewCell.h */,
				CEE8C8B623191CE400E7CA75 /* GKDPhotosCollectionViewCell.m */,
			);
			path = View;
			sourceTree = "<group>";
		};
/* End PBXGroup section */

/* Begin PBXNativeTarget section */
		117E997F29EE33AF009C563A /* GliKitDemoTests */ = {
			isa = PBXNativeTarget;
			buildConfigurationList = 117E998829EE33AF009C563A /* Build configuration list for PBXNativeTarget "GliKitDemoTests" */;
			buildPhases = (
				117E997C29EE33AF009C563A /* Sources */,
				117E997D29EE33AF009C563A /* Frameworks */,
				117E997E29EE33AF009C563A /* Resources */,
			);
			buildRules = (
			);
			dependencies = (
				117E998529EE33AF009C563A /* PBXTargetDependency */,
			);
			name = GliKitDemoTests;
			productName = GliKitDemoTests;
			productReference = 117E998029EE33AF009C563A /* GliKitDemoTests.xctest */;
			productType = "com.apple.product-type.bundle.unit-test";
		};
		CEE8C88E231911E900E7CA75 /* GliKitDemo */ = {
			isa = PBXNativeTarget;
			buildConfigurationList = CEE8C8A5231911EB00E7CA75 /* Build configuration list for PBXNativeTarget "GliKitDemo" */;
			buildPhases = (
				F193B464ACE3FFBD1015FF20 /* [CP] Check Pods Manifest.lock */,
				CEE8C88B231911E900E7CA75 /* Sources */,
				CEE8C88C231911E900E7CA75 /* Frameworks */,
				CEE8C88D231911E900E7CA75 /* Resources */,
			);
			buildRules = (
			);
			dependencies = (
			);
			name = GliKitDemo;
			productName = GliKitDemo;
			productReference = CEE8C88F231911E900E7CA75 /* GliKitDemo.app */;
			productType = "com.apple.product-type.application";
		};
/* End PBXNativeTarget section */

/* Begin PBXProject section */
		CEE8C887231911E900E7CA75 /* Project object */ = {
			isa = PBXProject;
			attributes = {
				BuildIndependentTargetsInParallel = YES;
				CLASSPREFIX = GKD;
				DefaultBuildSystemTypeForWorkspace = Latest;
				LastUpgradeCheck = 1420;
				ORGANIZATIONNAME = luohaixiong;
				TargetAttributes = {
					117E997F29EE33AF009C563A = {
						CreatedOnToolsVersion = 14.2;
						TestTargetID = CEE8C88E231911E900E7CA75;
					};
					CEE8C88E231911E900E7CA75 = {
						CreatedOnToolsVersion = 10.1;
						LastSwiftMigration = 1220;
					};
				};
			};
			buildConfigurationList = CEE8C88A231911E900E7CA75 /* Build configuration list for PBXProject "GliKitDemo" */;
			compatibilityVersion = "Xcode 9.3";
			developmentRegion = en;
			hasScannedForEncodings = 0;
			knownRegions = (
				en,
				Base,
			);
			mainGroup = CEE8C886231911E900E7CA75;
			productRefGroup = CEE8C890231911E900E7CA75 /* Products */;
			projectDirPath = "";
			projectRoot = "";
			targets = (
				CEE8C88E231911E900E7CA75 /* GliKitDemo */,
				117E997F29EE33AF009C563A /* GliKitDemoTests */,
			);
		};
/* End PBXProject section */

/* Begin PBXResourcesBuildPhase section */
		117E997E29EE33AF009C563A /* Resources */ = {
			isa = PBXResourcesBuildPhase;
			buildActionMask = 2147483647;
			files = (
			);
			runOnlyForDeploymentPostprocessing = 0;
		};
		CEE8C88D231911E900E7CA75 /* Resources */ = {
			isa = PBXResourcesBuildPhase;
			buildActionMask = 2147483647;
			files = (
				CEB37EBD249B6A8D00C15460 /* meat_1.jpg in Resources */,
				CE2C55212727E3B30047DA92 /* Oxygen-Bold.ttf in Resources */,
				CEB37EBE249B6A8D00C15460 /* meat_2.jpg in Resources */,
				CEC2D977239F8C0900F14210 /* GKDAlertViewController.xib in Resources */,
				CE8CC363246BC9E600EE6414 /* 512x384.webp in Resources */,
				CEB37EB3249B42EF00C15460 /* confeti3.png in Resources */,
				CEE8C89F231911EB00E7CA75 /* LaunchScreen.storyboard in Resources */,
				CEB37EBA249B698A00C15460 /* meat.jpg in Resources */,
				CE1AFE26272A3E2B0029B42D /* NotoSansMyanmar.ttc in Resources */,
				CEC3C847231E5971003ADE7A /* GKDNormalSkeletonViewController.xib in Resources */,
				CED1B1422320FAC1009C4D6C /* GKDTransitionViewController.xib in Resources */,
				CE1F8B272988EF0F00AB1455 /* zoo.MOV in Resources */,
				CEB85F53232630560045CB38 /* GKDNestedTableViewCell.xib in Resources */,
				CEB37EB6249B42EF00C15460 /* star_pink.png in Resources */,
				CEB37EB5249B42EF00C15460 /* dust.png in Resources */,
				CEB37EB8249B42EF00C15460 /* star.png in Resources */,
				CEC3C85D231E5B15003ADE7A /* GKDCollectionViewSkeletonHeader.xib in Resources */,
				CEB37EB4249B42EF00C15460 /* confeti2.png in Resources */,
				CEE8C89C231911EB00E7CA75 /* Assets.xcassets in Resources */,
				CEB37EB2249B42EF00C15460 /* star_white.png in Resources */,
				CEAA8B3827FE7C7100AC0147 /* MyanmarMN.ttc in Resources */,
				CEDEC98B24B6A669001B623D /* icon_filled_brand_head_dark.svg in Resources */,
				CEC3C852231E59CD003ADE7A /* GKDTableViewSkeletonCell.xib in Resources */,
				CE3884F727FD4D830013F1D4 /* Pyidaungsu-Regular.ttf in Resources */,
				CE97636323B59F27001A5DD3 /* test.html in Resources */,
				CEAA8B3627FE78F400AC0147 /* MyanmarSangamMN.ttc in Resources */,
				CE3884F627FD4D830013F1D4 /* Pyidaungsu-Bold.ttf in Resources */,
				CEB37EB7249B42EF00C15460 /* ic_launcher.png in Resources */,
			);
			runOnlyForDeploymentPostprocessing = 0;
		};
/* End PBXResourcesBuildPhase section */

/* Begin PBXShellScriptBuildPhase section */
		F193B464ACE3FFBD1015FF20 /* [CP] Check Pods Manifest.lock */ = {
			isa = PBXShellScriptBuildPhase;
			buildActionMask = 2147483647;
			files = (
			);
			inputFileListPaths = (
			);
			inputPaths = (
				"${PODS_PODFILE_DIR_PATH}/Podfile.lock",
				"${PODS_ROOT}/Manifest.lock",
			);
			name = "[CP] Check Pods Manifest.lock";
			outputFileListPaths = (
			);
			outputPaths = (
				"$(DERIVED_FILE_DIR)/Pods-GliKitDemo-checkManifestLockResult.txt",
			);
			runOnlyForDeploymentPostprocessing = 0;
			shellPath = /bin/sh;
			shellScript = "diff \"${PODS_PODFILE_DIR_PATH}/Podfile.lock\" \"${PODS_ROOT}/Manifest.lock\" > /dev/null\nif [ $? != 0 ] ; then\n    # print error to STDERR\n    echo \"error: The sandbox is not in sync with the Podfile.lock. Run 'pod install' or update your CocoaPods installation.\" >&2\n    exit 1\nfi\n# This output is used by Xcode 'outputs' to avoid re-running this script phase.\necho \"SUCCESS\" > \"${SCRIPT_OUTPUT_FILE_0}\"\n";
			showEnvVarsInLog = 0;
		};
/* End PBXShellScriptBuildPhase section */

/* Begin PBXSourcesBuildPhase section */
		117E997C29EE33AF009C563A /* Sources */ = {
			isa = PBXSourcesBuildPhase;
			buildActionMask = 2147483647;
			files = (
				117E998329EE33AF009C563A /* GliKitDemoTests.m in Sources */,
			);
			runOnlyForDeploymentPostprocessing = 0;
		};
		CEE8C88B231911E900E7CA75 /* Sources */ = {
			isa = PBXSourcesBuildPhase;
			buildActionMask = 2147483647;
			files = (
				CE0D6B9225F716A500F3459E /* GKDLoadMonitor.m in Sources */,
				CE37C687233B4AAA00C4F196 /* GKDRowModel.m in Sources */,
				CEDD8BAE28DC3FE4005FC383 /* GKDDynamicBannerCell.m in Sources */,
				CEAB0530236FB17600D2A4CF /* GKDWebViewController.m in Sources */,
				CEDD8BAB28DC3F0B005FC383 /* GKDDynamicViewController.m in Sources */,
				CEC3C84D231E59AE003ADE7A /* GKDCollectionViewSkeletonViewController.m in Sources */,
				11A9CD902A17731300810723 /* GKDStretchBackgroundViewController.m in Sources */,
				CEB85F56232630DA0045CB38 /* GKDNestedPageViewController.m in Sources */,
				CEC3C846231E5971003ADE7A /* GKDNormalSkeletonViewController.m in Sources */,
				CEB85F59232630FA0045CB38 /* GKDChildPageViewController.m in Sources */,
				CEC6AF44245671E0006B22BB /* GKDialogViewController.m in Sources */,
				CEE8C8A2231911EB00E7CA75 /* main.m in Sources */,
				CEC3C855231E5AB9003ADE7A /* GKDTableViewSkeletonHeader.m in Sources */,
				CEE8C8AD231915DB00E7CA75 /* GKDRootViewController.m in Sources */,
				CEC3C85C231E5B15003ADE7A /* GKDCollectionViewSkeletonHeader.m in Sources */,
				CEE8C8B1231917AB00E7CA75 /* GKDPhotosViewController.m in Sources */,
				CE134D5F24F363BE00F34CB4 /* GKDBannerViewController.m in Sources */,
				CE48AB1A25F081AC00B4F012 /* RootListCell.swift in Sources */,
				CE48AB1E25F08BA700B4F012 /* CheckBox.swift in Sources */,
				CEC3C84A231E5990003ADE7A /* GKDTableViewSkeletonViewController.m in Sources */,
				CEBBC8072499BE4300F334CC /* GKDEmitterCell.m in Sources */,
				CEE8C8B723191CE400E7CA75 /* GKDPhotosCollectionViewCell.m in Sources */,
				CE37C684233B4A2700C4F196 /* GKDEmptyViewController.m in Sources */,
				CEC3C858231E5AEE003ADE7A /* GKDCollectionViewSkeletonCell.m in Sources */,
				CED1B1412320FAC1009C4D6C /* GKDTransitionViewController.m in Sources */,
				CEDD8BB128DC3FFB005FC383 /* GKDDynamicCell.m in Sources */,
				CEC2D976239F8C0900F14210 /* GKDAlertViewController.m in Sources */,
				CE37C67B233B49AF00C4F196 /* GKDNormalEmptyViewController.m in Sources */,
				CEC1732F233DE50A00A1ADA8 /* GKDProgressViewController.m in Sources */,
				CE0C4C3D27BE583400BF7E19 /* Radio.swift in Sources */,
				CEB85F4E232630210045CB38 /* GKDNestedParentViewController.m in Sources */,
				CEC3C851231E59CD003ADE7A /* GKDTableViewSkeletonCell.m in Sources */,
				CE37C67E233B49C000C4F196 /* GKDTableEmptyViewController.m in Sources */,
				CEC3C842231E5612003ADE7A /* GKDSkeletonViewController.m in Sources */,
				CE37C681233B49D500C4F196 /* GKDCollectionEmptyViewController.m in Sources */,
				CEBBC8042499BE2400F334CC /* GKDEmitterView.m in Sources */,
				CEE8C894231911E900E7CA75 /* AppDelegate.m in Sources */,
				CE549B4B2481027900534D91 /* GKDTabBarController.m in Sources */,
				CEB85F52232630560045CB38 /* GKDNestedTableViewCell.m in Sources */,
			);
			runOnlyForDeploymentPostprocessing = 0;
		};
/* End PBXSourcesBuildPhase section */

/* Begin PBXTargetDependency section */
		117E998529EE33AF009C563A /* PBXTargetDependency */ = {
			isa = PBXTargetDependency;
			target = CEE8C88E231911E900E7CA75 /* GliKitDemo */;
			targetProxy = 117E998429EE33AF009C563A /* PBXContainerItemProxy */;
		};
/* End PBXTargetDependency section */

/* Begin PBXVariantGroup section */
		CEE8C89D231911EB00E7CA75 /* LaunchScreen.storyboard */ = {
			isa = PBXVariantGroup;
			children = (
				CEE8C89E231911EB00E7CA75 /* Base */,
			);
			name = LaunchScreen.storyboard;
			sourceTree = "<group>";
		};
/* End PBXVariantGroup section */

/* Begin XCBuildConfiguration section */
		117E998629EE33AF009C563A /* Debug */ = {
			isa = XCBuildConfiguration;
			buildSettings = {
				ALWAYS_EMBED_SWIFT_STANDARD_LIBRARIES = YES;
				BUNDLE_LOADER = "$(TEST_HOST)";
				CLANG_CXX_LANGUAGE_STANDARD = "gnu++20";
				CODE_SIGN_STYLE = Automatic;
				CURRENT_PROJECT_VERSION = 1;
				DEVELOPMENT_TEAM = 67ASRT678W;
				GENERATE_INFOPLIST_FILE = YES;
				IPHONEOS_DEPLOYMENT_TARGET = 16.2;
				MARKETING_VERSION = 1.0;
				PRODUCT_BUNDLE_IDENTIFIER = com.lhx.GliKitDemoTests;
				PRODUCT_NAME = "$(TARGET_NAME)";
				SWIFT_EMIT_LOC_STRINGS = NO;
				TARGETED_DEVICE_FAMILY = "1,2";
				TEST_HOST = "$(BUILT_PRODUCTS_DIR)/GliKitDemo.app/$(BUNDLE_EXECUTABLE_FOLDER_PATH)/GliKitDemo";
			};
			name = Debug;
		};
		117E998729EE33AF009C563A /* Release */ = {
			isa = XCBuildConfiguration;
			buildSettings = {
				ALWAYS_EMBED_SWIFT_STANDARD_LIBRARIES = YES;
				BUNDLE_LOADER = "$(TEST_HOST)";
				CLANG_CXX_LANGUAGE_STANDARD = "gnu++20";
				CODE_SIGN_STYLE = Automatic;
				CURRENT_PROJECT_VERSION = 1;
				DEVELOPMENT_TEAM = 67ASRT678W;
				GENERATE_INFOPLIST_FILE = YES;
				IPHONEOS_DEPLOYMENT_TARGET = 16.2;
				MARKETING_VERSION = 1.0;
				PRODUCT_BUNDLE_IDENTIFIER = com.lhx.GliKitDemoTests;
				PRODUCT_NAME = "$(TARGET_NAME)";
				SWIFT_EMIT_LOC_STRINGS = NO;
				TARGETED_DEVICE_FAMILY = "1,2";
				TEST_HOST = "$(BUILT_PRODUCTS_DIR)/GliKitDemo.app/$(BUNDLE_EXECUTABLE_FOLDER_PATH)/GliKitDemo";
			};
			name = Release;
		};
		CEE8C8A3231911EB00E7CA75 /* Debug */ = {
			isa = XCBuildConfiguration;
			buildSettings = {
				ALWAYS_SEARCH_USER_PATHS = NO;
				CLANG_ANALYZER_NONNULL = YES;
				CLANG_ANALYZER_NUMBER_OBJECT_CONVERSION = YES_AGGRESSIVE;
				CLANG_CXX_LANGUAGE_STANDARD = "gnu++14";
				CLANG_CXX_LIBRARY = "libc++";
				CLANG_ENABLE_MODULES = YES;
				CLANG_ENABLE_OBJC_ARC = YES;
				CLANG_ENABLE_OBJC_WEAK = YES;
				CLANG_WARN_BLOCK_CAPTURE_AUTORELEASING = YES;
				CLANG_WARN_BOOL_CONVERSION = YES;
				CLANG_WARN_COMMA = YES;
				CLANG_WARN_CONSTANT_CONVERSION = YES;
				CLANG_WARN_DEPRECATED_OBJC_IMPLEMENTATIONS = YES;
				CLANG_WARN_DIRECT_OBJC_ISA_USAGE = YES_ERROR;
				CLANG_WARN_DOCUMENTATION_COMMENTS = YES;
				CLANG_WARN_EMPTY_BODY = YES;
				CLANG_WARN_ENUM_CONVERSION = YES;
				CLANG_WARN_INFINITE_RECURSION = YES;
				CLANG_WARN_INT_CONVERSION = YES;
				CLANG_WARN_NON_LITERAL_NULL_CONVERSION = YES;
				CLANG_WARN_OBJC_IMPLICIT_RETAIN_SELF = YES;
				CLANG_WARN_OBJC_LITERAL_CONVERSION = YES;
				CLANG_WARN_OBJC_ROOT_CLASS = YES_ERROR;
				CLANG_WARN_QUOTED_INCLUDE_IN_FRAMEWORK_HEADER = YES;
				CLANG_WARN_RANGE_LOOP_ANALYSIS = YES;
				CLANG_WARN_STRICT_PROTOTYPES = YES;
				CLANG_WARN_SUSPICIOUS_MOVE = YES;
				CLANG_WARN_UNGUARDED_AVAILABILITY = YES_AGGRESSIVE;
				CLANG_WARN_UNREACHABLE_CODE = YES;
				CLANG_WARN__DUPLICATE_METHOD_MATCH = YES;
				CODE_SIGN_IDENTITY = "iPhone Developer";
				COPY_PHASE_STRIP = NO;
				DEBUG_INFORMATION_FORMAT = dwarf;
				ENABLE_STRICT_OBJC_MSGSEND = YES;
				ENABLE_TESTABILITY = YES;
				GCC_C_LANGUAGE_STANDARD = gnu11;
				GCC_DYNAMIC_NO_PIC = NO;
				GCC_NO_COMMON_BLOCKS = YES;
				GCC_OPTIMIZATION_LEVEL = 0;
				GCC_PREPROCESSOR_DEFINITIONS = (
					"DEBUG=1",
					"$(inherited)",
				);
				GCC_WARN_64_TO_32_BIT_CONVERSION = YES;
				GCC_WARN_ABOUT_RETURN_TYPE = YES_ERROR;
				GCC_WARN_UNDECLARED_SELECTOR = YES;
				GCC_WARN_UNINITIALIZED_AUTOS = YES_AGGRESSIVE;
				GCC_WARN_UNUSED_FUNCTION = YES;
				GCC_WARN_UNUSED_VARIABLE = YES;
				IPHONEOS_DEPLOYMENT_TARGET = 11.0;
				MTL_ENABLE_DEBUG_INFO = INCLUDE_SOURCE;
				MTL_FAST_MATH = YES;
				ONLY_ACTIVE_ARCH = YES;
				SDKROOT = iphoneos;
			};
			name = Debug;
		};
		CEE8C8A4231911EB00E7CA75 /* Release */ = {
			isa = XCBuildConfiguration;
			buildSettings = {
				ALWAYS_SEARCH_USER_PATHS = NO;
				CLANG_ANALYZER_NONNULL = YES;
				CLANG_ANALYZER_NUMBER_OBJECT_CONVERSION = YES_AGGRESSIVE;
				CLANG_CXX_LANGUAGE_STANDARD = "gnu++14";
				CLANG_CXX_LIBRARY = "libc++";
				CLANG_ENABLE_MODULES = YES;
				CLANG_ENABLE_OBJC_ARC = YES;
				CLANG_ENABLE_OBJC_WEAK = YES;
				CLANG_WARN_BLOCK_CAPTURE_AUTORELEASING = YES;
				CLANG_WARN_BOOL_CONVERSION = YES;
				CLANG_WARN_COMMA = YES;
				CLANG_WARN_CONSTANT_CONVERSION = YES;
				CLANG_WARN_DEPRECATED_OBJC_IMPLEMENTATIONS = YES;
				CLANG_WARN_DIRECT_OBJC_ISA_USAGE = YES_ERROR;
				CLANG_WARN_DOCUMENTATION_COMMENTS = YES;
				CLANG_WARN_EMPTY_BODY = YES;
				CLANG_WARN_ENUM_CONVERSION = YES;
				CLANG_WARN_INFINITE_RECURSION = YES;
				CLANG_WARN_INT_CONVERSION = YES;
				CLANG_WARN_NON_LITERAL_NULL_CONVERSION = YES;
				CLANG_WARN_OBJC_IMPLICIT_RETAIN_SELF = YES;
				CLANG_WARN_OBJC_LITERAL_CONVERSION = YES;
				CLANG_WARN_OBJC_ROOT_CLASS = YES_ERROR;
				CLANG_WARN_QUOTED_INCLUDE_IN_FRAMEWORK_HEADER = YES;
				CLANG_WARN_RANGE_LOOP_ANALYSIS = YES;
				CLANG_WARN_STRICT_PROTOTYPES = YES;
				CLANG_WARN_SUSPICIOUS_MOVE = YES;
				CLANG_WARN_UNGUARDED_AVAILABILITY = YES_AGGRESSIVE;
				CLANG_WARN_UNREACHABLE_CODE = YES;
				CLANG_WARN__DUPLICATE_METHOD_MATCH = YES;
				CODE_SIGN_IDENTITY = "iPhone Developer";
				COPY_PHASE_STRIP = NO;
				DEBUG_INFORMATION_FORMAT = "dwarf-with-dsym";
				ENABLE_NS_ASSERTIONS = NO;
				ENABLE_STRICT_OBJC_MSGSEND = YES;
				GCC_C_LANGUAGE_STANDARD = gnu11;
				GCC_NO_COMMON_BLOCKS = YES;
				GCC_WARN_64_TO_32_BIT_CONVERSION = YES;
				GCC_WARN_ABOUT_RETURN_TYPE = YES_ERROR;
				GCC_WARN_UNDECLARED_SELECTOR = YES;
				GCC_WARN_UNINITIALIZED_AUTOS = YES_AGGRESSIVE;
				GCC_WARN_UNUSED_FUNCTION = YES;
				GCC_WARN_UNUSED_VARIABLE = YES;
				IPHONEOS_DEPLOYMENT_TARGET = 11.0;
				MTL_ENABLE_DEBUG_INFO = NO;
				MTL_FAST_MATH = YES;
				SDKROOT = iphoneos;
				VALIDATE_PRODUCT = YES;
			};
			name = Release;
		};
		CEE8C8A6231911EB00E7CA75 /* Debug */ = {
			isa = XCBuildConfiguration;
			baseConfigurationReference = DD740E3E13DC2B05CC565386 /* Pods-GliKitDemo.debug.xcconfig */;
			buildSettings = {
				ASSETCATALOG_COMPILER_APPICON_NAME = AppIcon;
				CLANG_ENABLE_MODULES = YES;
				CODE_SIGN_ENTITLEMENTS = GliKitDemo/GliKitDemo.entitlements;
				CODE_SIGN_STYLE = Automatic;
				DEFINES_MODULE = YES;
				DEVELOPMENT_TEAM = 67ASRT678W;
				FRAMEWORK_SEARCH_PATHS = (
					"$(inherited)",
					"$(PROJECT_DIR)",
				);
				GCC_PRECOMPILE_PREFIX_HEADER = YES;
				GCC_PREFIX_HEADER = "$(SRCROOT)/GliKitDemo/PrefixHeader.pch";
				INFOPLIST_FILE = GliKitDemo/Info.plist;
				LD_GENERATE_MAP_FILE = YES;
				LD_RUNPATH_SEARCH_PATHS = (
					"$(inherited)",
					"@executable_path/Frameworks",
				);
				ORDER_FILE = "${SRCROOT}/lb.order";
				OTHER_CFLAGS = (
					"$(inherited)",
					"-isystem",
					"\"${PODS_ROOT}/Headers/Public\"",
					"-isystem",
					"\"${PODS_ROOT}/Headers/Public/AFNetworking\"",
					"-isystem",
					"\"${PODS_ROOT}/Headers/Public/FMDB\"",
					"-isystem",
					"\"${PODS_ROOT}/Headers/Public/GliKit\"",
					"-isystem",
					"\"${PODS_ROOT}/Headers/Public/Masonry\"",
					"-isystem",
					"\"${PODS_ROOT}/Headers/Public/SDWebImage\"",
					"-isystem",
					"\"${PODS_ROOT}/Headers/Public/SDWebImageWebPCoder\"",
					"-isystem",
					"\"${PODS_ROOT}/Headers/Public/libwebp\"",
				);
				PRODUCT_BUNDLE_IDENTIFIER = com.luohaixiong.GliKitDemo;
				PRODUCT_NAME = GliKitDemo;
				SWIFT_OBJC_BRIDGING_HEADER = "GliKitDemo/GliKitDemo-Bridging-Header.h";
				SWIFT_OPTIMIZATION_LEVEL = "-Onone";
				SWIFT_VERSION = 5.0;
				TARGETED_DEVICE_FAMILY = 1;
				USER_HEADER_SEARCH_PATHS = (
					"$(inherited)",
					"$(SRCROOT)/libwebp/src",
				);
			};
			name = Debug;
		};
		CEE8C8A7231911EB00E7CA75 /* Release */ = {
			isa = XCBuildConfiguration;
			baseConfigurationReference = C2F6786776DB100AB02C78D3 /* Pods-GliKitDemo.release.xcconfig */;
			buildSettings = {
				ASSETCATALOG_COMPILER_APPICON_NAME = AppIcon;
				CLANG_ENABLE_MODULES = YES;
				CODE_SIGN_ENTITLEMENTS = GliKitDemo/GliKitDemo.entitlements;
				CODE_SIGN_STYLE = Automatic;
				DEFINES_MODULE = YES;
				DEVELOPMENT_TEAM = 67ASRT678W;
				FRAMEWORK_SEARCH_PATHS = (
					"$(inherited)",
					"$(PROJECT_DIR)",
				);
				GCC_PRECOMPILE_PREFIX_HEADER = YES;
				GCC_PREFIX_HEADER = "$(SRCROOT)/GliKitDemo/PrefixHeader.pch";
				INFOPLIST_FILE = GliKitDemo/Info.plist;
				LD_GENERATE_MAP_FILE = YES;
				LD_RUNPATH_SEARCH_PATHS = (
					"$(inherited)",
					"@executable_path/Frameworks",
				);
				ORDER_FILE = "${SRCROOT}/lb.order";
				OTHER_CFLAGS = (
					"$(inherited)",
					"-isystem",
					"\"${PODS_ROOT}/Headers/Public\"",
					"-isystem",
					"\"${PODS_ROOT}/Headers/Public/AFNetworking\"",
					"-isystem",
					"\"${PODS_ROOT}/Headers/Public/FMDB\"",
					"-isystem",
					"\"${PODS_ROOT}/Headers/Public/GliKit\"",
					"-isystem",
					"\"${PODS_ROOT}/Headers/Public/Masonry\"",
					"-isystem",
					"\"${PODS_ROOT}/Headers/Public/SDWebImage\"",
					"-isystem",
					"\"${PODS_ROOT}/Headers/Public/SDWebImageWebPCoder\"",
					"-isystem",
					"\"${PODS_ROOT}/Headers/Public/libwebp\"",
				);
				PRODUCT_BUNDLE_IDENTIFIER = com.luohaixiong.GliKitDemo;
				PRODUCT_NAME = GliKitDemo;
				SWIFT_COMPILATION_MODE = wholemodule;
				SWIFT_OBJC_BRIDGING_HEADER = "GliKitDemo/GliKitDemo-Bridging-Header.h";
				SWIFT_VERSION = 5.0;
				TARGETED_DEVICE_FAMILY = 1;
				USER_HEADER_SEARCH_PATHS = (
					"$(inherited)",
					"$(SRCROOT)/libwebp/src",
				);
			};
			name = Release;
		};
/* End XCBuildConfiguration section */

/* Begin XCConfigurationList section */
		117E998829EE33AF009C563A /* Build configuration list for PBXNativeTarget "GliKitDemoTests" */ = {
			isa = XCConfigurationList;
			buildConfigurations = (
				117E998629EE33AF009C563A /* Debug */,
				117E998729EE33AF009C563A /* Release */,
			);
			defaultConfigurationIsVisible = 0;
			defaultConfigurationName = Release;
		};
		CEE8C88A231911E900E7CA75 /* Build configuration list for PBXProject "GliKitDemo" */ = {
			isa = XCConfigurationList;
			buildConfigurations = (
				CEE8C8A3231911EB00E7CA75 /* Debug */,
				CEE8C8A4231911EB00E7CA75 /* Release */,
			);
			defaultConfigurationIsVisible = 0;
			defaultConfigurationName = Release;
		};
		CEE8C8A5231911EB00E7CA75 /* Build configuration list for PBXNativeTarget "GliKitDemo" */ = {
			isa = XCConfigurationList;
			buildConfigurations = (
				CEE8C8A6231911EB00E7CA75 /* Debug */,
				CEE8C8A7231911EB00E7CA75 /* Release */,
			);
			defaultConfigurationIsVisible = 0;
			defaultConfigurationName = Release;
		};
/* End XCConfigurationList section */
	};
	rootObject = CEE8C887231911E900E7CA75 /* Project object */;
}
