// !$*UTF8*$!
{
	archiveVersion = 1;
	classes = {
	};
	objectVersion = 50;
	objects = {

/* Begin PBXBuildFile section */
		9D579E2A746EA0B9579B1F7C /* libPods-GliKitDemo.a in Frameworks */ = {isa = PBXBuildFile; fileRef = 7A5D8FBA0C349B9F190F7C10 /* libPods-GliKitDemo.a */; };
		C4BBF41B5E31DCEB1A636622 /* libPods-GliKitApp.a in Frameworks */ = {isa = PBXBuildFile; fileRef = 4FD52519E97361498535A3AF /* libPods-GliKitApp.a */; };
		CE37C67B233B49AF00C4F196 /* GKDNormalEmptyViewController.m in Sources */ = {isa = PBXBuildFile; fileRef = CE37C67A233B49AF00C4F196 /* GKDNormalEmptyViewController.m */; };
		CE37C67E233B49C000C4F196 /* GKDTableEmptyViewController.m in Sources */ = {isa = PBXBuildFile; fileRef = CE37C67D233B49C000C4F196 /* GKDTableEmptyViewController.m */; };
		CE37C681233B49D500C4F196 /* GKDCollectionEmptyViewController.m in Sources */ = {isa = PBXBuildFile; fileRef = CE37C680233B49D500C4F196 /* GKDCollectionEmptyViewController.m */; };
		CE37C684233B4A2700C4F196 /* GKDEmptyViewController.m in Sources */ = {isa = PBXBuildFile; fileRef = CE37C683233B4A2700C4F196 /* GKDEmptyViewController.m */; };
		CE37C687233B4AAA00C4F196 /* GKDRowModel.m in Sources */ = {isa = PBXBuildFile; fileRef = CE37C686233B4AAA00C4F196 /* GKDRowModel.m */; };
		CEAB0530236FB17600D2A4CF /* GKDWebViewController.m in Sources */ = {isa = PBXBuildFile; fileRef = CEAB052F236FB17600D2A4CF /* GKDWebViewController.m */; };
		CEB85F4E232630210045CB38 /* GKDNestedParentViewController.m in Sources */ = {isa = PBXBuildFile; fileRef = CEB85F4D232630210045CB38 /* GKDNestedParentViewController.m */; };
		CEB85F52232630560045CB38 /* GKDNestedTableViewCell.m in Sources */ = {isa = PBXBuildFile; fileRef = CEB85F50232630560045CB38 /* GKDNestedTableViewCell.m */; };
		CEB85F53232630560045CB38 /* GKDNestedTableViewCell.xib in Resources */ = {isa = PBXBuildFile; fileRef = CEB85F51232630560045CB38 /* GKDNestedTableViewCell.xib */; };
		CEB85F56232630DA0045CB38 /* GKDNestedPageViewController.m in Sources */ = {isa = PBXBuildFile; fileRef = CEB85F55232630DA0045CB38 /* GKDNestedPageViewController.m */; };
		CEB85F59232630FA0045CB38 /* GKDChildPageViewController.m in Sources */ = {isa = PBXBuildFile; fileRef = CEB85F58232630FA0045CB38 /* GKDChildPageViewController.m */; };
		CEB8B644238E5E92002E51A3 /* AppDelegate.m in Sources */ = {isa = PBXBuildFile; fileRef = CEB8B643238E5E92002E51A3 /* AppDelegate.m */; };
		CEB8B64A238E5E92002E51A3 /* ViewController.m in Sources */ = {isa = PBXBuildFile; fileRef = CEB8B649238E5E92002E51A3 /* ViewController.m */; };
		CEB8B64F238E5E94002E51A3 /* Assets.xcassets in Resources */ = {isa = PBXBuildFile; fileRef = CEB8B64E238E5E94002E51A3 /* Assets.xcassets */; };
		CEB8B652238E5E94002E51A3 /* LaunchScreen.storyboard in Resources */ = {isa = PBXBuildFile; fileRef = CEB8B650238E5E94002E51A3 /* LaunchScreen.storyboard */; };
		CEB8B655238E5E94002E51A3 /* main.m in Sources */ = {isa = PBXBuildFile; fileRef = CEB8B654238E5E94002E51A3 /* main.m */; };
		CEB8B659238E6099002E51A3 /* GKDRootViewController.m in Sources */ = {isa = PBXBuildFile; fileRef = CEE8C8AC231915DB00E7CA75 /* GKDRootViewController.m */; };
		CEB8B65A238E60B2002E51A3 /* GKDWebViewController.m in Sources */ = {isa = PBXBuildFile; fileRef = CEAB052F236FB17600D2A4CF /* GKDWebViewController.m */; };
		CEB8B65B238E60B9002E51A3 /* GKDProgressViewController.m in Sources */ = {isa = PBXBuildFile; fileRef = CEC1732E233DE50A00A1ADA8 /* GKDProgressViewController.m */; };
		CEB8B65C238E60C0002E51A3 /* GKDNormalEmptyViewController.m in Sources */ = {isa = PBXBuildFile; fileRef = CE37C67A233B49AF00C4F196 /* GKDNormalEmptyViewController.m */; };
		CEB8B65D238E60C2002E51A3 /* GKDTableEmptyViewController.m in Sources */ = {isa = PBXBuildFile; fileRef = CE37C67D233B49C000C4F196 /* GKDTableEmptyViewController.m */; };
		CEB8B65E238E60C4002E51A3 /* GKDCollectionEmptyViewController.m in Sources */ = {isa = PBXBuildFile; fileRef = CE37C680233B49D500C4F196 /* GKDCollectionEmptyViewController.m */; };
		CEB8B65F238E60C6002E51A3 /* GKDEmptyViewController.m in Sources */ = {isa = PBXBuildFile; fileRef = CE37C683233B4A2700C4F196 /* GKDEmptyViewController.m */; };
		CEB8B660238E60CD002E51A3 /* GKDNestedParentViewController.m in Sources */ = {isa = PBXBuildFile; fileRef = CEB85F4D232630210045CB38 /* GKDNestedParentViewController.m */; };
		CEB8B661238E60D0002E51A3 /* GKDNestedPageViewController.m in Sources */ = {isa = PBXBuildFile; fileRef = CEB85F55232630DA0045CB38 /* GKDNestedPageViewController.m */; };
		CEB8B662238E60D2002E51A3 /* GKDChildPageViewController.m in Sources */ = {isa = PBXBuildFile; fileRef = CEB85F58232630FA0045CB38 /* GKDChildPageViewController.m */; };
		CEB8B663238E60D7002E51A3 /* GKDNestedTableViewCell.m in Sources */ = {isa = PBXBuildFile; fileRef = CEB85F50232630560045CB38 /* GKDNestedTableViewCell.m */; };
		CEB8B664238E60E0002E51A3 /* GKDTransitionViewController.m in Sources */ = {isa = PBXBuildFile; fileRef = CED1B13F2320FAC1009C4D6C /* GKDTransitionViewController.m */; };
		CEB8B665238E60E9002E51A3 /* GKDSkeletonViewController.m in Sources */ = {isa = PBXBuildFile; fileRef = CEC3C841231E5612003ADE7A /* GKDSkeletonViewController.m */; };
		CEB8B666238E60EC002E51A3 /* GKDNormalSkeletonViewController.m in Sources */ = {isa = PBXBuildFile; fileRef = CEC3C844231E5971003ADE7A /* GKDNormalSkeletonViewController.m */; };
		CEB8B667238E60EF002E51A3 /* GKDTableViewSkeletonViewController.m in Sources */ = {isa = PBXBuildFile; fileRef = CEC3C849231E5990003ADE7A /* GKDTableViewSkeletonViewController.m */; };
		CEB8B668238E60F2002E51A3 /* GKDCollectionViewSkeletonViewController.m in Sources */ = {isa = PBXBuildFile; fileRef = CEC3C84C231E59AE003ADE7A /* GKDCollectionViewSkeletonViewController.m */; };
		CEB8B669238E60F8002E51A3 /* GKDTableViewSkeletonCell.m in Sources */ = {isa = PBXBuildFile; fileRef = CEC3C84F231E59CD003ADE7A /* GKDTableViewSkeletonCell.m */; };
		CEB8B66A238E60FB002E51A3 /* GKDTableViewSkeletonHeader.m in Sources */ = {isa = PBXBuildFile; fileRef = CEC3C854231E5AB9003ADE7A /* GKDTableViewSkeletonHeader.m */; };
		CEB8B66B238E60FE002E51A3 /* GKDCollectionViewSkeletonCell.m in Sources */ = {isa = PBXBuildFile; fileRef = CEC3C857231E5AEE003ADE7A /* GKDCollectionViewSkeletonCell.m */; };
		CEB8B66C238E6101002E51A3 /* GKDCollectionViewSkeletonHeader.m in Sources */ = {isa = PBXBuildFile; fileRef = CEC3C85A231E5B15003ADE7A /* GKDCollectionViewSkeletonHeader.m */; };
		CEB8B66D238E6107002E51A3 /* GKDPhotosViewController.m in Sources */ = {isa = PBXBuildFile; fileRef = CEE8C8AF231917AB00E7CA75 /* GKDPhotosViewController.m */; };
		CEB8B66E238E610A002E51A3 /* GKDPhotosCollectionViewCell.m in Sources */ = {isa = PBXBuildFile; fileRef = CEE8C8B623191CE400E7CA75 /* GKDPhotosCollectionViewCell.m */; };
		CEB8B66F238E6191002E51A3 /* GKDRowModel.m in Sources */ = {isa = PBXBuildFile; fileRef = CE37C686233B4AAA00C4F196 /* GKDRowModel.m */; };
		CEB8B672238E629C002E51A3 /* Assets.xcassets in Resources */ = {isa = PBXBuildFile; fileRef = CEE8C89B231911EB00E7CA75 /* Assets.xcassets */; };
		CEB8B673238E762F002E51A3 /* GKDTableViewSkeletonCell.xib in Resources */ = {isa = PBXBuildFile; fileRef = CEC3C850231E59CD003ADE7A /* GKDTableViewSkeletonCell.xib */; };
		CEB8B674238E7634002E51A3 /* GKDCollectionViewSkeletonHeader.xib in Resources */ = {isa = PBXBuildFile; fileRef = CEC3C85B231E5B15003ADE7A /* GKDCollectionViewSkeletonHeader.xib */; };
		CEB8B675238E7639002E51A3 /* GKDNormalSkeletonViewController.xib in Resources */ = {isa = PBXBuildFile; fileRef = CEC3C845231E5971003ADE7A /* GKDNormalSkeletonViewController.xib */; };
		CEC1732F233DE50A00A1ADA8 /* GKDProgressViewController.m in Sources */ = {isa = PBXBuildFile; fileRef = CEC1732E233DE50A00A1ADA8 /* GKDProgressViewController.m */; };
		CEC3C842231E5612003ADE7A /* GKDSkeletonViewController.m in Sources */ = {isa = PBXBuildFile; fileRef = CEC3C841231E5612003ADE7A /* GKDSkeletonViewController.m */; };
		CEC3C846231E5971003ADE7A /* GKDNormalSkeletonViewController.m in Sources */ = {isa = PBXBuildFile; fileRef = CEC3C844231E5971003ADE7A /* GKDNormalSkeletonViewController.m */; };
		CEC3C847231E5971003ADE7A /* GKDNormalSkeletonViewController.xib in Resources */ = {isa = PBXBuildFile; fileRef = CEC3C845231E5971003ADE7A /* GKDNormalSkeletonViewController.xib */; };
		CEC3C84A231E5990003ADE7A /* GKDTableViewSkeletonViewController.m in Sources */ = {isa = PBXBuildFile; fileRef = CEC3C849231E5990003ADE7A /* GKDTableViewSkeletonViewController.m */; };
		CEC3C84D231E59AE003ADE7A /* GKDCollectionViewSkeletonViewController.m in Sources */ = {isa = PBXBuildFile; fileRef = CEC3C84C231E59AE003ADE7A /* GKDCollectionViewSkeletonViewController.m */; };
		CEC3C851231E59CD003ADE7A /* GKDTableViewSkeletonCell.m in Sources */ = {isa = PBXBuildFile; fileRef = CEC3C84F231E59CD003ADE7A /* GKDTableViewSkeletonCell.m */; };
		CEC3C852231E59CD003ADE7A /* GKDTableViewSkeletonCell.xib in Resources */ = {isa = PBXBuildFile; fileRef = CEC3C850231E59CD003ADE7A /* GKDTableViewSkeletonCell.xib */; };
		CEC3C855231E5AB9003ADE7A /* GKDTableViewSkeletonHeader.m in Sources */ = {isa = PBXBuildFile; fileRef = CEC3C854231E5AB9003ADE7A /* GKDTableViewSkeletonHeader.m */; };
		CEC3C858231E5AEE003ADE7A /* GKDCollectionViewSkeletonCell.m in Sources */ = {isa = PBXBuildFile; fileRef = CEC3C857231E5AEE003ADE7A /* GKDCollectionViewSkeletonCell.m */; };
		CEC3C85C231E5B15003ADE7A /* GKDCollectionViewSkeletonHeader.m in Sources */ = {isa = PBXBuildFile; fileRef = CEC3C85A231E5B15003ADE7A /* GKDCollectionViewSkeletonHeader.m */; };
		CEC3C85D231E5B15003ADE7A /* GKDCollectionViewSkeletonHeader.xib in Resources */ = {isa = PBXBuildFile; fileRef = CEC3C85B231E5B15003ADE7A /* GKDCollectionViewSkeletonHeader.xib */; };
		CED1B1412320FAC1009C4D6C /* GKDTransitionViewController.m in Sources */ = {isa = PBXBuildFile; fileRef = CED1B13F2320FAC1009C4D6C /* GKDTransitionViewController.m */; };
		CED1B1422320FAC1009C4D6C /* GKDTransitionViewController.xib in Resources */ = {isa = PBXBuildFile; fileRef = CED1B1402320FAC1009C4D6C /* GKDTransitionViewController.xib */; };
		CEE8C894231911E900E7CA75 /* AppDelegate.m in Sources */ = {isa = PBXBuildFile; fileRef = CEE8C893231911E900E7CA75 /* AppDelegate.m */; };
		CEE8C89C231911EB00E7CA75 /* Assets.xcassets in Resources */ = {isa = PBXBuildFile; fileRef = CEE8C89B231911EB00E7CA75 /* Assets.xcassets */; };
		CEE8C89F231911EB00E7CA75 /* LaunchScreen.storyboard in Resources */ = {isa = PBXBuildFile; fileRef = CEE8C89D231911EB00E7CA75 /* LaunchScreen.storyboard */; };
		CEE8C8A2231911EB00E7CA75 /* main.m in Sources */ = {isa = PBXBuildFile; fileRef = CEE8C8A1231911EB00E7CA75 /* main.m */; };
		CEE8C8AD231915DB00E7CA75 /* GKDRootViewController.m in Sources */ = {isa = PBXBuildFile; fileRef = CEE8C8AC231915DB00E7CA75 /* GKDRootViewController.m */; };
		CEE8C8B1231917AB00E7CA75 /* GKDPhotosViewController.m in Sources */ = {isa = PBXBuildFile; fileRef = CEE8C8AF231917AB00E7CA75 /* GKDPhotosViewController.m */; };
		CEE8C8B723191CE400E7CA75 /* GKDPhotosCollectionViewCell.m in Sources */ = {isa = PBXBuildFile; fileRef = CEE8C8B623191CE400E7CA75 /* GKDPhotosCollectionViewCell.m */; };
/* End PBXBuildFile section */

/* Begin PBXFileReference section */
		4FD52519E97361498535A3AF /* libPods-GliKitApp.a */ = {isa = PBXFileReference; explicitFileType = archive.ar; includeInIndex = 0; path = "libPods-GliKitApp.a"; sourceTree = BUILT_PRODUCTS_DIR; };
		7A5D8FBA0C349B9F190F7C10 /* libPods-GliKitDemo.a */ = {isa = PBXFileReference; explicitFileType = archive.ar; includeInIndex = 0; path = "libPods-GliKitDemo.a"; sourceTree = BUILT_PRODUCTS_DIR; };
		85141611C461B48B8263ABC7 /* Pods-GliKitApp.release.xcconfig */ = {isa = PBXFileReference; includeInIndex = 1; lastKnownFileType = text.xcconfig; name = "Pods-GliKitApp.release.xcconfig"; path = "Target Support Files/Pods-GliKitApp/Pods-GliKitApp.release.xcconfig"; sourceTree = "<group>"; };
		B183DC3A9632FD62AABE12BD /* Pods-GliKitApp.debug.xcconfig */ = {isa = PBXFileReference; includeInIndex = 1; lastKnownFileType = text.xcconfig; name = "Pods-GliKitApp.debug.xcconfig"; path = "Target Support Files/Pods-GliKitApp/Pods-GliKitApp.debug.xcconfig"; sourceTree = "<group>"; };
		C2F6786776DB100AB02C78D3 /* Pods-GliKitDemo.release.xcconfig */ = {isa = PBXFileReference; includeInIndex = 1; lastKnownFileType = text.xcconfig; name = "Pods-GliKitDemo.release.xcconfig"; path = "Target Support Files/Pods-GliKitDemo/Pods-GliKitDemo.release.xcconfig"; sourceTree = "<group>"; };
		CE37C679233B49AF00C4F196 /* GKDNormalEmptyViewController.h */ = {isa = PBXFileReference; lastKnownFileType = sourcecode.c.h; path = GKDNormalEmptyViewController.h; sourceTree = "<group>"; };
		CE37C67A233B49AF00C4F196 /* GKDNormalEmptyViewController.m */ = {isa = PBXFileReference; lastKnownFileType = sourcecode.c.objc; path = GKDNormalEmptyViewController.m; sourceTree = "<group>"; };
		CE37C67C233B49C000C4F196 /* GKDTableEmptyViewController.h */ = {isa = PBXFileReference; lastKnownFileType = sourcecode.c.h; path = GKDTableEmptyViewController.h; sourceTree = "<group>"; };
		CE37C67D233B49C000C4F196 /* GKDTableEmptyViewController.m */ = {isa = PBXFileReference; lastKnownFileType = sourcecode.c.objc; path = GKDTableEmptyViewController.m; sourceTree = "<group>"; };
		CE37C67F233B49D500C4F196 /* GKDCollectionEmptyViewController.h */ = {isa = PBXFileReference; lastKnownFileType = sourcecode.c.h; path = GKDCollectionEmptyViewController.h; sourceTree = "<group>"; };
		CE37C680233B49D500C4F196 /* GKDCollectionEmptyViewController.m */ = {isa = PBXFileReference; lastKnownFileType = sourcecode.c.objc; path = GKDCollectionEmptyViewController.m; sourceTree = "<group>"; };
		CE37C682233B4A2700C4F196 /* GKDEmptyViewController.h */ = {isa = PBXFileReference; lastKnownFileType = sourcecode.c.h; path = GKDEmptyViewController.h; sourceTree = "<group>"; };
		CE37C683233B4A2700C4F196 /* GKDEmptyViewController.m */ = {isa = PBXFileReference; lastKnownFileType = sourcecode.c.objc; path = GKDEmptyViewController.m; sourceTree = "<group>"; };
		CE37C685233B4AAA00C4F196 /* GKDRowModel.h */ = {isa = PBXFileReference; lastKnownFileType = sourcecode.c.h; path = GKDRowModel.h; sourceTree = "<group>"; };
		CE37C686233B4AAA00C4F196 /* GKDRowModel.m */ = {isa = PBXFileReference; lastKnownFileType = sourcecode.c.objc; path = GKDRowModel.m; sourceTree = "<group>"; };
		CEAB052E236FB17600D2A4CF /* GKDWebViewController.h */ = {isa = PBXFileReference; lastKnownFileType = sourcecode.c.h; path = GKDWebViewController.h; sourceTree = "<group>"; };
		CEAB052F236FB17600D2A4CF /* GKDWebViewController.m */ = {isa = PBXFileReference; lastKnownFileType = sourcecode.c.objc; path = GKDWebViewController.m; sourceTree = "<group>"; };
		CEB85F4C232630210045CB38 /* GKDNestedParentViewController.h */ = {isa = PBXFileReference; lastKnownFileType = sourcecode.c.h; path = GKDNestedParentViewController.h; sourceTree = "<group>"; };
		CEB85F4D232630210045CB38 /* GKDNestedParentViewController.m */ = {isa = PBXFileReference; lastKnownFileType = sourcecode.c.objc; path = GKDNestedParentViewController.m; sourceTree = "<group>"; };
		CEB85F4F232630560045CB38 /* GKDNestedTableViewCell.h */ = {isa = PBXFileReference; lastKnownFileType = sourcecode.c.h; path = GKDNestedTableViewCell.h; sourceTree = "<group>"; };
		CEB85F50232630560045CB38 /* GKDNestedTableViewCell.m */ = {isa = PBXFileReference; lastKnownFileType = sourcecode.c.objc; path = GKDNestedTableViewCell.m; sourceTree = "<group>"; };
		CEB85F51232630560045CB38 /* GKDNestedTableViewCell.xib */ = {isa = PBXFileReference; lastKnownFileType = file.xib; path = GKDNestedTableViewCell.xib; sourceTree = "<group>"; };
		CEB85F54232630DA0045CB38 /* GKDNestedPageViewController.h */ = {isa = PBXFileReference; lastKnownFileType = sourcecode.c.h; path = GKDNestedPageViewController.h; sourceTree = "<group>"; };
		CEB85F55232630DA0045CB38 /* GKDNestedPageViewController.m */ = {isa = PBXFileReference; lastKnownFileType = sourcecode.c.objc; path = GKDNestedPageViewController.m; sourceTree = "<group>"; };
		CEB85F57232630FA0045CB38 /* GKDChildPageViewController.h */ = {isa = PBXFileReference; lastKnownFileType = sourcecode.c.h; path = GKDChildPageViewController.h; sourceTree = "<group>"; };
		CEB85F58232630FA0045CB38 /* GKDChildPageViewController.m */ = {isa = PBXFileReference; lastKnownFileType = sourcecode.c.objc; path = GKDChildPageViewController.m; sourceTree = "<group>"; };
		CEB8B640238E5E92002E51A3 /* GliKitApp.app */ = {isa = PBXFileReference; explicitFileType = wrapper.application; includeInIndex = 0; path = GliKitApp.app; sourceTree = BUILT_PRODUCTS_DIR; };
		CEB8B642238E5E92002E51A3 /* AppDelegate.h */ = {isa = PBXFileReference; lastKnownFileType = sourcecode.c.h; path = AppDelegate.h; sourceTree = "<group>"; };
		CEB8B643238E5E92002E51A3 /* AppDelegate.m */ = {isa = PBXFileReference; lastKnownFileType = sourcecode.c.objc; path = AppDelegate.m; sourceTree = "<group>"; };
		CEB8B648238E5E92002E51A3 /* ViewController.h */ = {isa = PBXFileReference; lastKnownFileType = sourcecode.c.h; path = ViewController.h; sourceTree = "<group>"; };
		CEB8B649238E5E92002E51A3 /* ViewController.m */ = {isa = PBXFileReference; lastKnownFileType = sourcecode.c.objc; path = ViewController.m; sourceTree = "<group>"; };
		CEB8B64E238E5E94002E51A3 /* Assets.xcassets */ = {isa = PBXFileReference; lastKnownFileType = folder.assetcatalog; path = Assets.xcassets; sourceTree = "<group>"; };
		CEB8B651238E5E94002E51A3 /* Base */ = {isa = PBXFileReference; lastKnownFileType = file.storyboard; name = Base; path = Base.lproj/LaunchScreen.storyboard; sourceTree = "<group>"; };
		CEB8B653238E5E94002E51A3 /* Info.plist */ = {isa = PBXFileReference; lastKnownFileType = text.plist.xml; path = Info.plist; sourceTree = "<group>"; };
		CEB8B654238E5E94002E51A3 /* main.m */ = {isa = PBXFileReference; lastKnownFileType = sourcecode.c.objc; path = main.m; sourceTree = "<group>"; };
		CEC1732D233DE50A00A1ADA8 /* GKDProgressViewController.h */ = {isa = PBXFileReference; lastKnownFileType = sourcecode.c.h; path = GKDProgressViewController.h; sourceTree = "<group>"; };
		CEC1732E233DE50A00A1ADA8 /* GKDProgressViewController.m */ = {isa = PBXFileReference; lastKnownFileType = sourcecode.c.objc; path = GKDProgressViewController.m; sourceTree = "<group>"; };
		CEC3C840231E5612003ADE7A /* GKDSkeletonViewController.h */ = {isa = PBXFileReference; lastKnownFileType = sourcecode.c.h; path = GKDSkeletonViewController.h; sourceTree = "<group>"; };
		CEC3C841231E5612003ADE7A /* GKDSkeletonViewController.m */ = {isa = PBXFileReference; lastKnownFileType = sourcecode.c.objc; path = GKDSkeletonViewController.m; sourceTree = "<group>"; };
		CEC3C843231E5971003ADE7A /* GKDNormalSkeletonViewController.h */ = {isa = PBXFileReference; lastKnownFileType = sourcecode.c.h; path = GKDNormalSkeletonViewController.h; sourceTree = "<group>"; };
		CEC3C844231E5971003ADE7A /* GKDNormalSkeletonViewController.m */ = {isa = PBXFileReference; lastKnownFileType = sourcecode.c.objc; path = GKDNormalSkeletonViewController.m; sourceTree = "<group>"; };
		CEC3C845231E5971003ADE7A /* GKDNormalSkeletonViewController.xib */ = {isa = PBXFileReference; lastKnownFileType = file.xib; path = GKDNormalSkeletonViewController.xib; sourceTree = "<group>"; };
		CEC3C848231E5990003ADE7A /* GKDTableViewSkeletonViewController.h */ = {isa = PBXFileReference; lastKnownFileType = sourcecode.c.h; path = GKDTableViewSkeletonViewController.h; sourceTree = "<group>"; };
		CEC3C849231E5990003ADE7A /* GKDTableViewSkeletonViewController.m */ = {isa = PBXFileReference; lastKnownFileType = sourcecode.c.objc; path = GKDTableViewSkeletonViewController.m; sourceTree = "<group>"; };
		CEC3C84B231E59AE003ADE7A /* GKDCollectionViewSkeletonViewController.h */ = {isa = PBXFileReference; lastKnownFileType = sourcecode.c.h; path = GKDCollectionViewSkeletonViewController.h; sourceTree = "<group>"; };
		CEC3C84C231E59AE003ADE7A /* GKDCollectionViewSkeletonViewController.m */ = {isa = PBXFileReference; lastKnownFileType = sourcecode.c.objc; path = GKDCollectionViewSkeletonViewController.m; sourceTree = "<group>"; };
		CEC3C84E231E59CD003ADE7A /* GKDTableViewSkeletonCell.h */ = {isa = PBXFileReference; lastKnownFileType = sourcecode.c.h; path = GKDTableViewSkeletonCell.h; sourceTree = "<group>"; };
		CEC3C84F231E59CD003ADE7A /* GKDTableViewSkeletonCell.m */ = {isa = PBXFileReference; lastKnownFileType = sourcecode.c.objc; path = GKDTableViewSkeletonCell.m; sourceTree = "<group>"; };
		CEC3C850231E59CD003ADE7A /* GKDTableViewSkeletonCell.xib */ = {isa = PBXFileReference; lastKnownFileType = file.xib; path = GKDTableViewSkeletonCell.xib; sourceTree = "<group>"; };
		CEC3C853231E5AB9003ADE7A /* GKDTableViewSkeletonHeader.h */ = {isa = PBXFileReference; lastKnownFileType = sourcecode.c.h; path = GKDTableViewSkeletonHeader.h; sourceTree = "<group>"; };
		CEC3C854231E5AB9003ADE7A /* GKDTableViewSkeletonHeader.m */ = {isa = PBXFileReference; lastKnownFileType = sourcecode.c.objc; path = GKDTableViewSkeletonHeader.m; sourceTree = "<group>"; };
		CEC3C856231E5AEE003ADE7A /* GKDCollectionViewSkeletonCell.h */ = {isa = PBXFileReference; lastKnownFileType = sourcecode.c.h; path = GKDCollectionViewSkeletonCell.h; sourceTree = "<group>"; };
		CEC3C857231E5AEE003ADE7A /* GKDCollectionViewSkeletonCell.m */ = {isa = PBXFileReference; lastKnownFileType = sourcecode.c.objc; path = GKDCollectionViewSkeletonCell.m; sourceTree = "<group>"; };
		CEC3C859231E5B15003ADE7A /* GKDCollectionViewSkeletonHeader.h */ = {isa = PBXFileReference; lastKnownFileType = sourcecode.c.h; path = GKDCollectionViewSkeletonHeader.h; sourceTree = "<group>"; };
		CEC3C85A231E5B15003ADE7A /* GKDCollectionViewSkeletonHeader.m */ = {isa = PBXFileReference; lastKnownFileType = sourcecode.c.objc; path = GKDCollectionViewSkeletonHeader.m; sourceTree = "<group>"; };
		CEC3C85B231E5B15003ADE7A /* GKDCollectionViewSkeletonHeader.xib */ = {isa = PBXFileReference; lastKnownFileType = file.xib; path = GKDCollectionViewSkeletonHeader.xib; sourceTree = "<group>"; };
		CED1B13E2320FAC1009C4D6C /* GKDTransitionViewController.h */ = {isa = PBXFileReference; lastKnownFileType = sourcecode.c.h; path = GKDTransitionViewController.h; sourceTree = "<group>"; };
		CED1B13F2320FAC1009C4D6C /* GKDTransitionViewController.m */ = {isa = PBXFileReference; lastKnownFileType = sourcecode.c.objc; path = GKDTransitionViewController.m; sourceTree = "<group>"; };
		CED1B1402320FAC1009C4D6C /* GKDTransitionViewController.xib */ = {isa = PBXFileReference; lastKnownFileType = file.xib; path = GKDTransitionViewController.xib; sourceTree = "<group>"; };
		CEE8C88F231911E900E7CA75 /* GliKitDemo.app */ = {isa = PBXFileReference; explicitFileType = wrapper.application; includeInIndex = 0; path = GliKitDemo.app; sourceTree = BUILT_PRODUCTS_DIR; };
		CEE8C892231911E900E7CA75 /* AppDelegate.h */ = {isa = PBXFileReference; lastKnownFileType = sourcecode.c.h; path = AppDelegate.h; sourceTree = "<group>"; };
		CEE8C893231911E900E7CA75 /* AppDelegate.m */ = {isa = PBXFileReference; lastKnownFileType = sourcecode.c.objc; path = AppDelegate.m; sourceTree = "<group>"; };
		CEE8C89B231911EB00E7CA75 /* Assets.xcassets */ = {isa = PBXFileReference; lastKnownFileType = folder.assetcatalog; path = Assets.xcassets; sourceTree = "<group>"; };
		CEE8C89E231911EB00E7CA75 /* Base */ = {isa = PBXFileReference; lastKnownFileType = file.storyboard; name = Base; path = Base.lproj/LaunchScreen.storyboard; sourceTree = "<group>"; };
		CEE8C8A0231911EB00E7CA75 /* Info.plist */ = {isa = PBXFileReference; lastKnownFileType = text.plist.xml; path = Info.plist; sourceTree = "<group>"; };
		CEE8C8A1231911EB00E7CA75 /* main.m */ = {isa = PBXFileReference; lastKnownFileType = sourcecode.c.objc; path = main.m; sourceTree = "<group>"; };
		CEE8C8AB231915DB00E7CA75 /* GKDRootViewController.h */ = {isa = PBXFileReference; lastKnownFileType = sourcecode.c.h; path = GKDRootViewController.h; sourceTree = "<group>"; };
		CEE8C8AC231915DB00E7CA75 /* GKDRootViewController.m */ = {isa = PBXFileReference; lastKnownFileType = sourcecode.c.objc; path = GKDRootViewController.m; sourceTree = "<group>"; };
		CEE8C8AE231917AB00E7CA75 /* GKDPhotosViewController.h */ = {isa = PBXFileReference; lastKnownFileType = sourcecode.c.h; path = GKDPhotosViewController.h; sourceTree = "<group>"; };
		CEE8C8AF231917AB00E7CA75 /* GKDPhotosViewController.m */ = {isa = PBXFileReference; lastKnownFileType = sourcecode.c.objc; path = GKDPhotosViewController.m; sourceTree = "<group>"; };
		CEE8C8B423191BAE00E7CA75 /* PrefixHeader.pch */ = {isa = PBXFileReference; lastKnownFileType = sourcecode.c.h; path = PrefixHeader.pch; sourceTree = "<group>"; };
		CEE8C8B523191CE400E7CA75 /* GKDPhotosCollectionViewCell.h */ = {isa = PBXFileReference; lastKnownFileType = sourcecode.c.h; path = GKDPhotosCollectionViewCell.h; sourceTree = "<group>"; };
		CEE8C8B623191CE400E7CA75 /* GKDPhotosCollectionViewCell.m */ = {isa = PBXFileReference; lastKnownFileType = sourcecode.c.objc; path = GKDPhotosCollectionViewCell.m; sourceTree = "<group>"; };
		DD740E3E13DC2B05CC565386 /* Pods-GliKitDemo.debug.xcconfig */ = {isa = PBXFileReference; includeInIndex = 1; lastKnownFileType = text.xcconfig; name = "Pods-GliKitDemo.debug.xcconfig"; path = "Target Support Files/Pods-GliKitDemo/Pods-GliKitDemo.debug.xcconfig"; sourceTree = "<group>"; };
/* End PBXFileReference section */

/* Begin PBXFrameworksBuildPhase section */
		CEB8B63D238E5E92002E51A3 /* Frameworks */ = {
			isa = PBXFrameworksBuildPhase;
			buildActionMask = 2147483647;
			files = (
				C4BBF41B5E31DCEB1A636622 /* libPods-GliKitApp.a in Frameworks */,
			);
			runOnlyForDeploymentPostprocessing = 0;
		};
		CEE8C88C231911E900E7CA75 /* Frameworks */ = {
			isa = PBXFrameworksBuildPhase;
			buildActionMask = 2147483647;
			files = (
				9D579E2A746EA0B9579B1F7C /* libPods-GliKitDemo.a in Frameworks */,
			);
			runOnlyForDeploymentPostprocessing = 0;
		};
/* End PBXFrameworksBuildPhase section */

/* Begin PBXGroup section */
		6D08CDCE58D62FB58D901258 /* Pods */ = {
			isa = PBXGroup;
			children = (
				DD740E3E13DC2B05CC565386 /* Pods-GliKitDemo.debug.xcconfig */,
				C2F6786776DB100AB02C78D3 /* Pods-GliKitDemo.release.xcconfig */,
				B183DC3A9632FD62AABE12BD /* Pods-GliKitApp.debug.xcconfig */,
				85141611C461B48B8263ABC7 /* Pods-GliKitApp.release.xcconfig */,
			);
			path = Pods;
			sourceTree = "<group>";
		};
		9BB3C0682925525264F42BDB /* Frameworks */ = {
			isa = PBXGroup;
			children = (
				7A5D8FBA0C349B9F190F7C10 /* libPods-GliKitDemo.a */,
				4FD52519E97361498535A3AF /* libPods-GliKitApp.a */,
			);
			name = Frameworks;
			sourceTree = "<group>";
		};
		CE37C677233B499000C4F196 /* EmptyView */ = {
			isa = PBXGroup;
			children = (
				CE37C678233B499000C4F196 /* Controller */,
			);
			path = EmptyView;
			sourceTree = "<group>";
		};
		CE37C678233B499000C4F196 /* Controller */ = {
			isa = PBXGroup;
			children = (
				CE37C679233B49AF00C4F196 /* GKDNormalEmptyViewController.h */,
				CE37C67A233B49AF00C4F196 /* GKDNormalEmptyViewController.m */,
				CE37C67C233B49C000C4F196 /* GKDTableEmptyViewController.h */,
				CE37C67D233B49C000C4F196 /* GKDTableEmptyViewController.m */,
				CE37C67F233B49D500C4F196 /* GKDCollectionEmptyViewController.h */,
				CE37C680233B49D500C4F196 /* GKDCollectionEmptyViewController.m */,
				CE37C682233B4A2700C4F196 /* GKDEmptyViewController.h */,
				CE37C683233B4A2700C4F196 /* GKDEmptyViewController.m */,
			);
			path = Controller;
			sourceTree = "<group>";
		};
		CEAB052C236FB15900D2A4CF /* Web */ = {
			isa = PBXGroup;
			children = (
				CEAB052D236FB15900D2A4CF /* Controller */,
			);
			path = Web;
			sourceTree = "<group>";
		};
		CEAB052D236FB15900D2A4CF /* Controller */ = {
			isa = PBXGroup;
			children = (
				CEAB052E236FB17600D2A4CF /* GKDWebViewController.h */,
				CEAB052F236FB17600D2A4CF /* GKDWebViewController.m */,
			);
			path = Controller;
			sourceTree = "<group>";
		};
		CEB85F49232630000045CB38 /* NestedScroll */ = {
			isa = PBXGroup;
			children = (
				CEB85F4A232630000045CB38 /* Controller */,
				CEB85F4B232630000045CB38 /* View */,
			);
			path = NestedScroll;
			sourceTree = "<group>";
		};
		CEB85F4A232630000045CB38 /* Controller */ = {
			isa = PBXGroup;
			children = (
				CEB85F4C232630210045CB38 /* GKDNestedParentViewController.h */,
				CEB85F4D232630210045CB38 /* GKDNestedParentViewController.m */,
				CEB85F54232630DA0045CB38 /* GKDNestedPageViewController.h */,
				CEB85F55232630DA0045CB38 /* GKDNestedPageViewController.m */,
				CEB85F57232630FA0045CB38 /* GKDChildPageViewController.h */,
				CEB85F58232630FA0045CB38 /* GKDChildPageViewController.m */,
			);
			path = Controller;
			sourceTree = "<group>";
		};
		CEB85F4B232630000045CB38 /* View */ = {
			isa = PBXGroup;
			children = (
				CEB85F4F232630560045CB38 /* GKDNestedTableViewCell.h */,
				CEB85F50232630560045CB38 /* GKDNestedTableViewCell.m */,
				CEB85F51232630560045CB38 /* GKDNestedTableViewCell.xib */,
			);
			path = View;
			sourceTree = "<group>";
		};
		CEB8B641238E5E92002E51A3 /* GliKitApp */ = {
			isa = PBXGroup;
			children = (
				CEB8B642238E5E92002E51A3 /* AppDelegate.h */,
				CEB8B643238E5E92002E51A3 /* AppDelegate.m */,
				CEB8B648238E5E92002E51A3 /* ViewController.h */,
				CEB8B649238E5E92002E51A3 /* ViewController.m */,
				CEB8B64E238E5E94002E51A3 /* Assets.xcassets */,
				CEB8B650238E5E94002E51A3 /* LaunchScreen.storyboard */,
				CEB8B653238E5E94002E51A3 /* Info.plist */,
				CEB8B654238E5E94002E51A3 /* main.m */,
			);
			path = GliKitApp;
			sourceTree = "<group>";
		};
		CEC1732B233DE4F400A1ADA8 /* Progress */ = {
			isa = PBXGroup;
			children = (
				CEC1732C233DE4F400A1ADA8 /* Controller */,
			);
			path = Progress;
			sourceTree = "<group>";
		};
		CEC1732C233DE4F400A1ADA8 /* Controller */ = {
			isa = PBXGroup;
			children = (
				CEC1732D233DE50A00A1ADA8 /* GKDProgressViewController.h */,
				CEC1732E233DE50A00A1ADA8 /* GKDProgressViewController.m */,
			);
			path = Controller;
			sourceTree = "<group>";
		};
		CEC3C83D231E55F1003ADE7A /* Skeleton */ = {
			isa = PBXGroup;
			children = (
				CEC3C83E231E55F1003ADE7A /* Controller */,
				CEC3C83F231E55F1003ADE7A /* View */,
			);
			path = Skeleton;
			sourceTree = "<group>";
		};
		CEC3C83E231E55F1003ADE7A /* Controller */ = {
			isa = PBXGroup;
			children = (
				CEC3C840231E5612003ADE7A /* GKDSkeletonViewController.h */,
				CEC3C841231E5612003ADE7A /* GKDSkeletonViewController.m */,
				CEC3C843231E5971003ADE7A /* GKDNormalSkeletonViewController.h */,
				CEC3C844231E5971003ADE7A /* GKDNormalSkeletonViewController.m */,
				CEC3C845231E5971003ADE7A /* GKDNormalSkeletonViewController.xib */,
				CEC3C848231E5990003ADE7A /* GKDTableViewSkeletonViewController.h */,
				CEC3C849231E5990003ADE7A /* GKDTableViewSkeletonViewController.m */,
				CEC3C84B231E59AE003ADE7A /* GKDCollectionViewSkeletonViewController.h */,
				CEC3C84C231E59AE003ADE7A /* GKDCollectionViewSkeletonViewController.m */,
			);
			path = Controller;
			sourceTree = "<group>";
		};
		CEC3C83F231E55F1003ADE7A /* View */ = {
			isa = PBXGroup;
			children = (
				CEC3C84E231E59CD003ADE7A /* GKDTableViewSkeletonCell.h */,
				CEC3C84F231E59CD003ADE7A /* GKDTableViewSkeletonCell.m */,
				CEC3C850231E59CD003ADE7A /* GKDTableViewSkeletonCell.xib */,
				CEC3C853231E5AB9003ADE7A /* GKDTableViewSkeletonHeader.h */,
				CEC3C854231E5AB9003ADE7A /* GKDTableViewSkeletonHeader.m */,
				CEC3C856231E5AEE003ADE7A /* GKDCollectionViewSkeletonCell.h */,
				CEC3C857231E5AEE003ADE7A /* GKDCollectionViewSkeletonCell.m */,
				CEC3C859231E5B15003ADE7A /* GKDCollectionViewSkeletonHeader.h */,
				CEC3C85A231E5B15003ADE7A /* GKDCollectionViewSkeletonHeader.m */,
				CEC3C85B231E5B15003ADE7A /* GKDCollectionViewSkeletonHeader.xib */,
			);
			path = View;
			sourceTree = "<group>";
		};
		CED1B13C2320FA54009C4D6C /* Transition */ = {
			isa = PBXGroup;
			children = (
				CED1B13D2320FA54009C4D6C /* Controller */,
			);
			path = Transition;
			sourceTree = "<group>";
		};
		CED1B13D2320FA54009C4D6C /* Controller */ = {
			isa = PBXGroup;
			children = (
				CED1B13E2320FAC1009C4D6C /* GKDTransitionViewController.h */,
				CED1B13F2320FAC1009C4D6C /* GKDTransitionViewController.m */,
				CED1B1402320FAC1009C4D6C /* GKDTransitionViewController.xib */,
			);
			path = Controller;
			sourceTree = "<group>";
		};
		CEE8C886231911E900E7CA75 = {
			isa = PBXGroup;
			children = (
				CEE8C891231911E900E7CA75 /* GliKitDemo */,
				CEB8B641238E5E92002E51A3 /* GliKitApp */,
				CEE8C890231911E900E7CA75 /* Products */,
				6D08CDCE58D62FB58D901258 /* Pods */,
				9BB3C0682925525264F42BDB /* Frameworks */,
			);
			sourceTree = "<group>";
		};
		CEE8C890231911E900E7CA75 /* Products */ = {
			isa = PBXGroup;
			children = (
				CEE8C88F231911E900E7CA75 /* GliKitDemo.app */,
				CEB8B640238E5E92002E51A3 /* GliKitApp.app */,
			);
			name = Products;
			sourceTree = "<group>";
		};
		CEE8C891231911E900E7CA75 /* GliKitDemo */ = {
			isa = PBXGroup;
			children = (
				CEAB052C236FB15900D2A4CF /* Web */,
				CEC1732B233DE4F400A1ADA8 /* Progress */,
				CE37C677233B499000C4F196 /* EmptyView */,
				CEB85F49232630000045CB38 /* NestedScroll */,
				CED1B13C2320FA54009C4D6C /* Transition */,
				CEC3C83D231E55F1003ADE7A /* Skeleton */,
				CEE8C8A8231915A300E7CA75 /* Photos */,
				CEE8C892231911E900E7CA75 /* AppDelegate.h */,
				CEE8C893231911E900E7CA75 /* AppDelegate.m */,
				CEE8C8AB231915DB00E7CA75 /* GKDRootViewController.h */,
				CEE8C8AC231915DB00E7CA75 /* GKDRootViewController.m */,
				CE37C685233B4AAA00C4F196 /* GKDRowModel.h */,
				CE37C686233B4AAA00C4F196 /* GKDRowModel.m */,
				CEE8C89B231911EB00E7CA75 /* Assets.xcassets */,
				CEE8C89D231911EB00E7CA75 /* LaunchScreen.storyboard */,
				CEE8C8A0231911EB00E7CA75 /* Info.plist */,
				CEE8C8A1231911EB00E7CA75 /* main.m */,
				CEE8C8B423191BAE00E7CA75 /* PrefixHeader.pch */,
			);
			path = GliKitDemo;
			sourceTree = "<group>";
		};
		CEE8C8A8231915A300E7CA75 /* Photos */ = {
			isa = PBXGroup;
			children = (
				CEE8C8A9231915A300E7CA75 /* Controller */,
				CEE8C8AA231915A300E7CA75 /* View */,
			);
			path = Photos;
			sourceTree = "<group>";
		};
		CEE8C8A9231915A300E7CA75 /* Controller */ = {
			isa = PBXGroup;
			children = (
				CEE8C8AE231917AB00E7CA75 /* GKDPhotosViewController.h */,
				CEE8C8AF231917AB00E7CA75 /* GKDPhotosViewController.m */,
			);
			path = Controller;
			sourceTree = "<group>";
		};
		CEE8C8AA231915A300E7CA75 /* View */ = {
			isa = PBXGroup;
			children = (
				CEE8C8B523191CE400E7CA75 /* GKDPhotosCollectionViewCell.h */,
				CEE8C8B623191CE400E7CA75 /* GKDPhotosCollectionViewCell.m */,
			);
			path = View;
			sourceTree = "<group>";
		};
/* End PBXGroup section */

/* Begin PBXNativeTarget section */
		CEB8B63F238E5E92002E51A3 /* GliKitApp */ = {
			isa = PBXNativeTarget;
			buildConfigurationList = CEB8B658238E5E94002E51A3 /* Build configuration list for PBXNativeTarget "GliKitApp" */;
			buildPhases = (
				6C1DFA8FEBD058FA20AE6022 /* [CP] Check Pods Manifest.lock */,
				CEB8B63C238E5E92002E51A3 /* Sources */,
				CEB8B63D238E5E92002E51A3 /* Frameworks */,
				CEB8B63E238E5E92002E51A3 /* Resources */,
			);
			buildRules = (
			);
			dependencies = (
			);
			name = GliKitApp;
			productName = GliKitApp;
			productReference = CEB8B640238E5E92002E51A3 /* GliKitApp.app */;
			productType = "com.apple.product-type.application";
		};
		CEE8C88E231911E900E7CA75 /* GliKitDemo */ = {
			isa = PBXNativeTarget;
			buildConfigurationList = CEE8C8A5231911EB00E7CA75 /* Build configuration list for PBXNativeTarget "GliKitDemo" */;
			buildPhases = (
				F193B464ACE3FFBD1015FF20 /* [CP] Check Pods Manifest.lock */,
				CEE8C88B231911E900E7CA75 /* Sources */,
				CEE8C88C231911E900E7CA75 /* Frameworks */,
				CEE8C88D231911E900E7CA75 /* Resources */,
			);
			buildRules = (
			);
			dependencies = (
			);
			name = GliKitDemo;
			productName = GliKitDemo;
			productReference = CEE8C88F231911E900E7CA75 /* GliKitDemo.app */;
			productType = "com.apple.product-type.application";
		};
/* End PBXNativeTarget section */

/* Begin PBXProject section */
		CEE8C887231911E900E7CA75 /* Project object */ = {
			isa = PBXProject;
			attributes = {
				CLASSPREFIX = GKD;
				DefaultBuildSystemTypeForWorkspace = Latest;
				LastUpgradeCheck = 1100;
				ORGANIZATIONNAME = luohaixiong;
				TargetAttributes = {
					CEB8B63F238E5E92002E51A3 = {
						CreatedOnToolsVersion = 11.1;
					};
					CEE8C88E231911E900E7CA75 = {
						CreatedOnToolsVersion = 10.1;
					};
				};
			};
			buildConfigurationList = CEE8C88A231911E900E7CA75 /* Build configuration list for PBXProject "GliKitDemo" */;
			compatibilityVersion = "Xcode 9.3";
			developmentRegion = en;
			hasScannedForEncodings = 0;
			knownRegions = (
				en,
				Base,
			);
			mainGroup = CEE8C886231911E900E7CA75;
			productRefGroup = CEE8C890231911E900E7CA75 /* Products */;
			projectDirPath = "";
			projectRoot = "";
			targets = (
				CEE8C88E231911E900E7CA75 /* GliKitDemo */,
				CEB8B63F238E5E92002E51A3 /* GliKitApp */,
			);
		};
/* End PBXProject section */

/* Begin PBXResourcesBuildPhase section */
		CEB8B63E238E5E92002E51A3 /* Resources */ = {
			isa = PBXResourcesBuildPhase;
			buildActionMask = 2147483647;
			files = (
				CEB8B652238E5E94002E51A3 /* LaunchScreen.storyboard in Resources */,
				CEB8B675238E7639002E51A3 /* GKDNormalSkeletonViewController.xib in Resources */,
				CEB8B672238E629C002E51A3 /* Assets.xcassets in Resources */,
				CEB8B674238E7634002E51A3 /* GKDCollectionViewSkeletonHeader.xib in Resources */,
				CEB8B64F238E5E94002E51A3 /* Assets.xcassets in Resources */,
				CEB8B673238E762F002E51A3 /* GKDTableViewSkeletonCell.xib in Resources */,
			);
			runOnlyForDeploymentPostprocessing = 0;
		};
		CEE8C88D231911E900E7CA75 /* Resources */ = {
			isa = PBXResourcesBuildPhase;
			buildActionMask = 2147483647;
			files = (
				CEE8C89F231911EB00E7CA75 /* LaunchScreen.storyboard in Resources */,
				CEC3C847231E5971003ADE7A /* GKDNormalSkeletonViewController.xib in Resources */,
				CED1B1422320FAC1009C4D6C /* GKDTransitionViewController.xib in Resources */,
				CEB85F53232630560045CB38 /* GKDNestedTableViewCell.xib in Resources */,
				CEC3C85D231E5B15003ADE7A /* GKDCollectionViewSkeletonHeader.xib in Resources */,
				CEE8C89C231911EB00E7CA75 /* Assets.xcassets in Resources */,
				CEC3C852231E59CD003ADE7A /* GKDTableViewSkeletonCell.xib in Resources */,
			);
			runOnlyForDeploymentPostprocessing = 0;
		};
/* End PBXResourcesBuildPhase section */

/* Begin PBXShellScriptBuildPhase section */
		6C1DFA8FEBD058FA20AE6022 /* [CP] Check Pods Manifest.lock */ = {
			isa = PBXShellScriptBuildPhase;
			buildActionMask = 2147483647;
			files = (
			);
			inputFileListPaths = (
			);
			inputPaths = (
				"${PODS_PODFILE_DIR_PATH}/Podfile.lock",
				"${PODS_ROOT}/Manifest.lock",
			);
			name = "[CP] Check Pods Manifest.lock";
			outputFileListPaths = (
			);
			outputPaths = (
				"$(DERIVED_FILE_DIR)/Pods-GliKitApp-checkManifestLockResult.txt",
			);
			runOnlyForDeploymentPostprocessing = 0;
			shellPath = /bin/sh;
			shellScript = "diff \"${PODS_PODFILE_DIR_PATH}/Podfile.lock\" \"${PODS_ROOT}/Manifest.lock\" > /dev/null\nif [ $? != 0 ] ; then\n    # print error to STDERR\n    echo \"error: The sandbox is not in sync with the Podfile.lock. Run 'pod install' or update your CocoaPods installation.\" >&2\n    exit 1\nfi\n# This output is used by Xcode 'outputs' to avoid re-running this script phase.\necho \"SUCCESS\" > \"${SCRIPT_OUTPUT_FILE_0}\"\n";
			showEnvVarsInLog = 0;
		};
		F193B464ACE3FFBD1015FF20 /* [CP] Check Pods Manifest.lock */ = {
			isa = PBXShellScriptBuildPhase;
			buildActionMask = 2147483647;
			files = (
			);
			inputFileListPaths = (
			);
			inputPaths = (
				"${PODS_PODFILE_DIR_PATH}/Podfile.lock",
				"${PODS_ROOT}/Manifest.lock",
			);
			name = "[CP] Check Pods Manifest.lock";
			outputFileListPaths = (
			);
			outputPaths = (
				"$(DERIVED_FILE_DIR)/Pods-GliKitDemo-checkManifestLockResult.txt",
			);
			runOnlyForDeploymentPostprocessing = 0;
			shellPath = /bin/sh;
			shellScript = "diff \"${PODS_PODFILE_DIR_PATH}/Podfile.lock\" \"${PODS_ROOT}/Manifest.lock\" > /dev/null\nif [ $? != 0 ] ; then\n    # print error to STDERR\n    echo \"error: The sandbox is not in sync with the Podfile.lock. Run 'pod install' or update your CocoaPods installation.\" >&2\n    exit 1\nfi\n# This output is used by Xcode 'outputs' to avoid re-running this script phase.\necho \"SUCCESS\" > \"${SCRIPT_OUTPUT_FILE_0}\"\n";
			showEnvVarsInLog = 0;
		};
/* End PBXShellScriptBuildPhase section */

/* Begin PBXSourcesBuildPhase section */
		CEB8B63C238E5E92002E51A3 /* Sources */ = {
			isa = PBXSourcesBuildPhase;
			buildActionMask = 2147483647;
			files = (
				CEB8B665238E60E9002E51A3 /* GKDSkeletonViewController.m in Sources */,
				CEB8B65C238E60C0002E51A3 /* GKDNormalEmptyViewController.m in Sources */,
				CEB8B66B238E60FE002E51A3 /* GKDCollectionViewSkeletonCell.m in Sources */,
				CEB8B666238E60EC002E51A3 /* GKDNormalSkeletonViewController.m in Sources */,
				CEB8B663238E60D7002E51A3 /* GKDNestedTableViewCell.m in Sources */,
				CEB8B664238E60E0002E51A3 /* GKDTransitionViewController.m in Sources */,
				CEB8B662238E60D2002E51A3 /* GKDChildPageViewController.m in Sources */,
				CEB8B661238E60D0002E51A3 /* GKDNestedPageViewController.m in Sources */,
				CEB8B66C238E6101002E51A3 /* GKDCollectionViewSkeletonHeader.m in Sources */,
				CEB8B669238E60F8002E51A3 /* GKDTableViewSkeletonCell.m in Sources */,
				CEB8B64A238E5E92002E51A3 /* ViewController.m in Sources */,
				CEB8B65A238E60B2002E51A3 /* GKDWebViewController.m in Sources */,
				CEB8B65E238E60C4002E51A3 /* GKDCollectionEmptyViewController.m in Sources */,
				CEB8B66F238E6191002E51A3 /* GKDRowModel.m in Sources */,
				CEB8B66E238E610A002E51A3 /* GKDPhotosCollectionViewCell.m in Sources */,
				CEB8B644238E5E92002E51A3 /* AppDelegate.m in Sources */,
				CEB8B65F238E60C6002E51A3 /* GKDEmptyViewController.m in Sources */,
				CEB8B660238E60CD002E51A3 /* GKDNestedParentViewController.m in Sources */,
				CEB8B65D238E60C2002E51A3 /* GKDTableEmptyViewController.m in Sources */,
				CEB8B668238E60F2002E51A3 /* GKDCollectionViewSkeletonViewController.m in Sources */,
				CEB8B655238E5E94002E51A3 /* main.m in Sources */,
				CEB8B65B238E60B9002E51A3 /* GKDProgressViewController.m in Sources */,
				CEB8B667238E60EF002E51A3 /* GKDTableViewSkeletonViewController.m in Sources */,
				CEB8B659238E6099002E51A3 /* GKDRootViewController.m in Sources */,
				CEB8B66D238E6107002E51A3 /* GKDPhotosViewController.m in Sources */,
				CEB8B66A238E60FB002E51A3 /* GKDTableViewSkeletonHeader.m in Sources */,
			);
			runOnlyForDeploymentPostprocessing = 0;
		};
		CEE8C88B231911E900E7CA75 /* Sources */ = {
			isa = PBXSourcesBuildPhase;
			buildActionMask = 2147483647;
			files = (
				CE37C687233B4AAA00C4F196 /* GKDRowModel.m in Sources */,
				CEAB0530236FB17600D2A4CF /* GKDWebViewController.m in Sources */,
				CEC3C84D231E59AE003ADE7A /* GKDCollectionViewSkeletonViewController.m in Sources */,
				CEB85F56232630DA0045CB38 /* GKDNestedPageViewController.m in Sources */,
				CEC3C846231E5971003ADE7A /* GKDNormalSkeletonViewController.m in Sources */,
				CEB85F59232630FA0045CB38 /* GKDChildPageViewController.m in Sources */,
				CEE8C8A2231911EB00E7CA75 /* main.m in Sources */,
				CEC3C855231E5AB9003ADE7A /* GKDTableViewSkeletonHeader.m in Sources */,
				CEE8C8AD231915DB00E7CA75 /* GKDRootViewController.m in Sources */,
				CEC3C85C231E5B15003ADE7A /* GKDCollectionViewSkeletonHeader.m in Sources */,
				CEE8C8B1231917AB00E7CA75 /* GKDPhotosViewController.m in Sources */,
				CEC3C84A231E5990003ADE7A /* GKDTableViewSkeletonViewController.m in Sources */,
				CEE8C8B723191CE400E7CA75 /* GKDPhotosCollectionViewCell.m in Sources */,
				CE37C684233B4A2700C4F196 /* GKDEmptyViewController.m in Sources */,
				CEC3C858231E5AEE003ADE7A /* GKDCollectionViewSkeletonCell.m in Sources */,
				CED1B1412320FAC1009C4D6C /* GKDTransitionViewController.m in Sources */,
				CE37C67B233B49AF00C4F196 /* GKDNormalEmptyViewController.m in Sources */,
				CEC1732F233DE50A00A1ADA8 /* GKDProgressViewController.m in Sources */,
				CEB85F4E232630210045CB38 /* GKDNestedParentViewController.m in Sources */,
				CEC3C851231E59CD003ADE7A /* GKDTableViewSkeletonCell.m in Sources */,
				CE37C67E233B49C000C4F196 /* GKDTableEmptyViewController.m in Sources */,
				CEC3C842231E5612003ADE7A /* GKDSkeletonViewController.m in Sources */,
				CE37C681233B49D500C4F196 /* GKDCollectionEmptyViewController.m in Sources */,
				CEE8C894231911E900E7CA75 /* AppDelegate.m in Sources */,
				CEB85F52232630560045CB38 /* GKDNestedTableViewCell.m in Sources */,
			);
			runOnlyForDeploymentPostprocessing = 0;
		};
/* End PBXSourcesBuildPhase section */

/* Begin PBXVariantGroup section */
		CEB8B650238E5E94002E51A3 /* LaunchScreen.storyboard */ = {
			isa = PBXVariantGroup;
			children = (
				CEB8B651238E5E94002E51A3 /* Base */,
			);
			name = LaunchScreen.storyboard;
			sourceTree = "<group>";
		};
		CEE8C89D231911EB00E7CA75 /* LaunchScreen.storyboard */ = {
			isa = PBXVariantGroup;
			children = (
				CEE8C89E231911EB00E7CA75 /* Base */,
			);
			name = LaunchScreen.storyboard;
			sourceTree = "<group>";
		};
/* End PBXVariantGroup section */

/* Begin XCBuildConfiguration section */
		CEB8B656238E5E94002E51A3 /* Debug */ = {
			isa = XCBuildConfiguration;
			baseConfigurationReference = B183DC3A9632FD62AABE12BD /* Pods-GliKitApp.debug.xcconfig */;
			buildSettings = {
				ASSETCATALOG_COMPILER_APPICON_NAME = AppIcon;
				CODE_SIGN_STYLE = Automatic;
				GCC_PRECOMPILE_PREFIX_HEADER = YES;
				GCC_PREFIX_HEADER = "$(SRCROOT)/GliKitDemo/PrefixHeader.pch";
				INFOPLIST_FILE = GliKitApp/Info.plist;
				IPHONEOS_DEPLOYMENT_TARGET = 13.1;
				LD_RUNPATH_SEARCH_PATHS = (
					"$(inherited)",
					"@executable_path/Frameworks",
				);
				PRODUCT_BUNDLE_IDENTIFIER = com.luohaixiong.GliKitApp;
				PRODUCT_NAME = "$(TARGET_NAME)";
				TARGETED_DEVICE_FAMILY = "1,2";
			};
			name = Debug;
		};
		CEB8B657238E5E94002E51A3 /* Release */ = {
			isa = XCBuildConfiguration;
			baseConfigurationReference = 85141611C461B48B8263ABC7 /* Pods-GliKitApp.release.xcconfig */;
			buildSettings = {
				ASSETCATALOG_COMPILER_APPICON_NAME = AppIcon;
				CODE_SIGN_STYLE = Automatic;
				GCC_PRECOMPILE_PREFIX_HEADER = YES;
				GCC_PREFIX_HEADER = "$(SRCROOT)/GliKitDemo/PrefixHeader.pch";
				INFOPLIST_FILE = GliKitApp/Info.plist;
				IPHONEOS_DEPLOYMENT_TARGET = 13.1;
				LD_RUNPATH_SEARCH_PATHS = (
					"$(inherited)",
					"@executable_path/Frameworks",
				);
				PRODUCT_BUNDLE_IDENTIFIER = com.luohaixiong.GliKitApp;
				PRODUCT_NAME = "$(TARGET_NAME)";
				TARGETED_DEVICE_FAMILY = "1,2";
			};
			name = Release;
		};
		CEE8C8A3231911EB00E7CA75 /* Debug */ = {
			isa = XCBuildConfiguration;
			buildSettings = {
				ALWAYS_SEARCH_USER_PATHS = NO;
				CLANG_ANALYZER_NONNULL = YES;
				CLANG_ANALYZER_NUMBER_OBJECT_CONVERSION = YES_AGGRESSIVE;
				CLANG_CXX_LANGUAGE_STANDARD = "gnu++14";
				CLANG_CXX_LIBRARY = "libc++";
				CLANG_ENABLE_MODULES = YES;
				CLANG_ENABLE_OBJC_ARC = YES;
				CLANG_ENABLE_OBJC_WEAK = YES;
				CLANG_WARN_BLOCK_CAPTURE_AUTORELEASING = YES;
				CLANG_WARN_BOOL_CONVERSION = YES;
				CLANG_WARN_COMMA = YES;
				CLANG_WARN_CONSTANT_CONVERSION = YES;
				CLANG_WARN_DEPRECATED_OBJC_IMPLEMENTATIONS = YES;
				CLANG_WARN_DIRECT_OBJC_ISA_USAGE = YES_ERROR;
				CLANG_WARN_DOCUMENTATION_COMMENTS = YES;
				CLANG_WARN_EMPTY_BODY = YES;
				CLANG_WARN_ENUM_CONVERSION = YES;
				CLANG_WARN_INFINITE_RECURSION = YES;
				CLANG_WARN_INT_CONVERSION = YES;
				CLANG_WARN_NON_LITERAL_NULL_CONVERSION = YES;
				CLANG_WARN_OBJC_IMPLICIT_RETAIN_SELF = YES;
				CLANG_WARN_OBJC_LITERAL_CONVERSION = YES;
				CLANG_WARN_OBJC_ROOT_CLASS = YES_ERROR;
				CLANG_WARN_RANGE_LOOP_ANALYSIS = YES;
				CLANG_WARN_STRICT_PROTOTYPES = YES;
				CLANG_WARN_SUSPICIOUS_MOVE = YES;
				CLANG_WARN_UNGUARDED_AVAILABILITY = YES_AGGRESSIVE;
				CLANG_WARN_UNREACHABLE_CODE = YES;
				CLANG_WARN__DUPLICATE_METHOD_MATCH = YES;
				CODE_SIGN_IDENTITY = "iPhone Developer";
				COPY_PHASE_STRIP = NO;
				DEBUG_INFORMATION_FORMAT = dwarf;
				ENABLE_STRICT_OBJC_MSGSEND = YES;
				ENABLE_TESTABILITY = YES;
				GCC_C_LANGUAGE_STANDARD = gnu11;
				GCC_DYNAMIC_NO_PIC = NO;
				GCC_NO_COMMON_BLOCKS = YES;
				GCC_OPTIMIZATION_LEVEL = 0;
				GCC_PREPROCESSOR_DEFINITIONS = (
					"DEBUG=1",
					"$(inherited)",
				);
				GCC_WARN_64_TO_32_BIT_CONVERSION = YES;
				GCC_WARN_ABOUT_RETURN_TYPE = YES_ERROR;
				GCC_WARN_UNDECLARED_SELECTOR = YES;
				GCC_WARN_UNINITIALIZED_AUTOS = YES_AGGRESSIVE;
				GCC_WARN_UNUSED_FUNCTION = YES;
				GCC_WARN_UNUSED_VARIABLE = YES;
				IPHONEOS_DEPLOYMENT_TARGET = 9.0;
				MTL_ENABLE_DEBUG_INFO = INCLUDE_SOURCE;
				MTL_FAST_MATH = YES;
				ONLY_ACTIVE_ARCH = YES;
				SDKROOT = iphoneos;
			};
			name = Debug;
		};
		CEE8C8A4231911EB00E7CA75 /* Release */ = {
			isa = XCBuildConfiguration;
			buildSettings = {
				ALWAYS_SEARCH_USER_PATHS = NO;
				CLANG_ANALYZER_NONNULL = YES;
				CLANG_ANALYZER_NUMBER_OBJECT_CONVERSION = YES_AGGRESSIVE;
				CLANG_CXX_LANGUAGE_STANDARD = "gnu++14";
				CLANG_CXX_LIBRARY = "libc++";
				CLANG_ENABLE_MODULES = YES;
				CLANG_ENABLE_OBJC_ARC = YES;
				CLANG_ENABLE_OBJC_WEAK = YES;
				CLANG_WARN_BLOCK_CAPTURE_AUTORELEASING = YES;
				CLANG_WARN_BOOL_CONVERSION = YES;
				CLANG_WARN_COMMA = YES;
				CLANG_WARN_CONSTANT_CONVERSION = YES;
				CLANG_WARN_DEPRECATED_OBJC_IMPLEMENTATIONS = YES;
				CLANG_WARN_DIRECT_OBJC_ISA_USAGE = YES_ERROR;
				CLANG_WARN_DOCUMENTATION_COMMENTS = YES;
				CLANG_WARN_EMPTY_BODY = YES;
				CLANG_WARN_ENUM_CONVERSION = YES;
				CLANG_WARN_INFINITE_RECURSION = YES;
				CLANG_WARN_INT_CONVERSION = YES;
				CLANG_WARN_NON_LITERAL_NULL_CONVERSION = YES;
				CLANG_WARN_OBJC_IMPLICIT_RETAIN_SELF = YES;
				CLANG_WARN_OBJC_LITERAL_CONVERSION = YES;
				CLANG_WARN_OBJC_ROOT_CLASS = YES_ERROR;
				CLANG_WARN_RANGE_LOOP_ANALYSIS = YES;
				CLANG_WARN_STRICT_PROTOTYPES = YES;
				CLANG_WARN_SUSPICIOUS_MOVE = YES;
				CLANG_WARN_UNGUARDED_AVAILABILITY = YES_AGGRESSIVE;
				CLANG_WARN_UNREACHABLE_CODE = YES;
				CLANG_WARN__DUPLICATE_METHOD_MATCH = YES;
				CODE_SIGN_IDENTITY = "iPhone Developer";
				COPY_PHASE_STRIP = NO;
				DEBUG_INFORMATION_FORMAT = "dwarf-with-dsym";
				ENABLE_NS_ASSERTIONS = NO;
				ENABLE_STRICT_OBJC_MSGSEND = YES;
				GCC_C_LANGUAGE_STANDARD = gnu11;
				GCC_NO_COMMON_BLOCKS = YES;
				GCC_WARN_64_TO_32_BIT_CONVERSION = YES;
				GCC_WARN_ABOUT_RETURN_TYPE = YES_ERROR;
				GCC_WARN_UNDECLARED_SELECTOR = YES;
				GCC_WARN_UNINITIALIZED_AUTOS = YES_AGGRESSIVE;
				GCC_WARN_UNUSED_FUNCTION = YES;
				GCC_WARN_UNUSED_VARIABLE = YES;
				IPHONEOS_DEPLOYMENT_TARGET = 9.0;
				MTL_ENABLE_DEBUG_INFO = NO;
				MTL_FAST_MATH = YES;
				SDKROOT = iphoneos;
				VALIDATE_PRODUCT = YES;
			};
			name = Release;
		};
		CEE8C8A6231911EB00E7CA75 /* Debug */ = {
			isa = XCBuildConfiguration;
			baseConfigurationReference = DD740E3E13DC2B05CC565386 /* Pods-GliKitDemo.debug.xcconfig */;
			buildSettings = {
				ASSETCATALOG_COMPILER_APPICON_NAME = AppIcon;
				CODE_SIGN_STYLE = Automatic;
				GCC_PRECOMPILE_PREFIX_HEADER = YES;
				GCC_PREFIX_HEADER = "$(SRCROOT)/GliKitDemo/PrefixHeader.pch";
				INFOPLIST_FILE = GliKitDemo/Info.plist;
				LD_RUNPATH_SEARCH_PATHS = (
					"$(inherited)",
					"@executable_path/Frameworks",
				);
				PRODUCT_BUNDLE_IDENTIFIER = com.luohaixiong.GliKitDemo;
				PRODUCT_NAME = "$(TARGET_NAME)";
				TARGETED_DEVICE_FAMILY = 1;
			};
			name = Debug;
		};
		CEE8C8A7231911EB00E7CA75 /* Release */ = {
			isa = XCBuildConfiguration;
			baseConfigurationReference = C2F6786776DB100AB02C78D3 /* Pods-GliKitDemo.release.xcconfig */;
			buildSettings = {
				ASSETCATALOG_COMPILER_APPICON_NAME = AppIcon;
				CODE_SIGN_STYLE = Automatic;
				GCC_PRECOMPILE_PREFIX_HEADER = YES;
				GCC_PREFIX_HEADER = "$(SRCROOT)/GliKitDemo/PrefixHeader.pch";
				INFOPLIST_FILE = GliKitDemo/Info.plist;
				LD_RUNPATH_SEARCH_PATHS = (
					"$(inherited)",
					"@executable_path/Frameworks",
				);
				PRODUCT_BUNDLE_IDENTIFIER = com.luohaixiong.GliKitDemo;
				PRODUCT_NAME = "$(TARGET_NAME)";
				TARGETED_DEVICE_FAMILY = 1;
			};
			name = Release;
		};
/* End XCBuildConfiguration section */

/* Begin XCConfigurationList section */
		CEB8B658238E5E94002E51A3 /* Build configuration list for PBXNativeTarget "GliKitApp" */ = {
			isa = XCConfigurationList;
			buildConfigurations = (
				CEB8B656238E5E94002E51A3 /* Debug */,
				CEB8B657238E5E94002E51A3 /* Release */,
			);
			defaultConfigurationIsVisible = 0;
			defaultConfigurationName = Release;
		};
		CEE8C88A231911E900E7CA75 /* Build configuration list for PBXProject "GliKitDemo" */ = {
			isa = XCConfigurationList;
			buildConfigurations = (
				CEE8C8A3231911EB00E7CA75 /* Debug */,
				CEE8C8A4231911EB00E7CA75 /* Release */,
			);
			defaultConfigurationIsVisible = 0;
			defaultConfigurationName = Release;
		};
		CEE8C8A5231911EB00E7CA75 /* Build configuration list for PBXNativeTarget "GliKitDemo" */ = {
			isa = XCConfigurationList;
			buildConfigurations = (
				CEE8C8A6231911EB00E7CA75 /* Debug */,
				CEE8C8A7231911EB00E7CA75 /* Release */,
			);
			defaultConfigurationIsVisible = 0;
			defaultConfigurationName = Release;
		};
/* End XCConfigurationList section */
	};
	rootObject = CEE8C887231911E900E7CA75 /* Project object */;
}
